Microsoft Visual Studio Solution File, Format Version 10.00
# Visual Studio 2008
Project("{FAE04EC0-301F-11D3-BF4B-00C04F79EFBC}") = "DemoGame.Client", "DemoGame.Client\DemoGame.Client.csproj", "{7A762FC3-FBD4-48D9-894E-D2279A6D33FA}"
EndProject
Project("{FAE04EC0-301F-11D3-BF4B-00C04F79EFBC}") = "DemoGame.Server", "DemoGame.Server\DemoGame.Server.csproj", "{78D0AD30-FFCE-4410-96C6-8063C3E41ED6}"
EndProject
Project("{FAE04EC0-301F-11D3-BF4B-00C04F79EFBC}") = "NetGore.Graphics", "NetGore.Graphics\NetGore.Graphics.csproj", "{76C45E48-16F2-478F-B06C-5AD993F6B1F1}"
EndProject
Project("{FAE04EC0-301F-11D3-BF4B-00C04F79EFBC}") = "NetGore", "NetGore\NetGore.csproj", "{5C385F68-DAEB-4BF2-9472-D5D69B6B2373}"
EndProject
Project("{FAE04EC0-301F-11D3-BF4B-00C04F79EFBC}") = "DemoGame", "DemoGame\DemoGame.csproj", "{772C6932-6CAF-48A0-88ED-C2BF5E9153F2}"
EndProject
Project("{FAE04EC0-301F-11D3-BF4B-00C04F79EFBC}") = "DemoGame.SkeletonEditor", "DemoGame.SkeletonEditor\DemoGame.SkeletonEditor.csproj", "{5B6B51B8-59FF-431F-ADFD-E36F881CED26}"
	ProjectSection(ProjectDependencies) = postProject
		{7A762FC3-FBD4-48D9-894E-D2279A6D33FA} = {7A762FC3-FBD4-48D9-894E-D2279A6D33FA}
	EndProjectSection
EndProject
Project("{FAE04EC0-301F-11D3-BF4B-00C04F79EFBC}") = "NetGore.EditorTools", "NetGore.EditorTools\NetGore.EditorTools.csproj", "{3FE6ED98-7D1B-4954-B560-BF2FA922C1CB}"
EndProject
Project("{FAE04EC0-301F-11D3-BF4B-00C04F79EFBC}") = "DemoGame.GUITester", "DemoGame.GUITester\DemoGame.GUITester.csproj", "{E35B4F33-9ECB-448B-8D6F-EA1CC4FC87B9}"
	ProjectSection(ProjectDependencies) = postProject
		{7A762FC3-FBD4-48D9-894E-D2279A6D33FA} = {7A762FC3-FBD4-48D9-894E-D2279A6D33FA}
	EndProjectSection
EndProject
Project("{FAE04EC0-301F-11D3-BF4B-00C04F79EFBC}") = "NetGore.Tests", "NetGore.Tests\NetGore.Tests.csproj", "{EE6959A2-B5BD-4817-8D05-6A01AE107E31}"
EndProject
Project("{FAE04EC0-301F-11D3-BF4B-00C04F79EFBC}") = "NetGore.Db", "NetGore.Db\NetGore.Db.csproj", "{EF4B471E-C101-4AAC-882E-BBDE9A54D212}"
EndProject
Project("{FAE04EC0-301F-11D3-BF4B-00C04F79EFBC}") = "NetGore.Db.ClassCreator", "NetGore.Db.ClassCreator\NetGore.Db.ClassCreator.csproj", "{927E889E-AC38-4549-A717-A4FFCA22ADB6}"
EndProject
Project("{FAE04EC0-301F-11D3-BF4B-00C04F79EFBC}") = "DemoGame.NPCChatEditor", "DemoGame.NPCChatEditor\DemoGame.NPCChatEditor.csproj", "{A6708B42-B900-47C1-AFBA-241DA188D38A}"
EndProject
Project("{FAE04EC0-301F-11D3-BF4B-00C04F79EFBC}") = "NetGore.Audio", "NetGore.Audio\NetGore.Audio.csproj", "{DB59800A-5924-4DE7-A349-46B60AF0348F}"
EndProject
Project("{FAE04EC0-301F-11D3-BF4B-00C04F79EFBC}") = "DemoGame.ParticleEffectEditor", "DemoGame.ParticleEffectEditor\DemoGame.ParticleEffectEditor.csproj", "{B754CB42-CD27-4602-809C-930677A8AD08}"
EndProject
Project("{FAE04EC0-301F-11D3-BF4B-00C04F79EFBC}") = "DemoGame.MapEditor", "DemoGame.MapEditor\DemoGame.MapEditor.csproj", "{E45C879C-61AC-45F0-8E25-453EE46EB086}"
EndProject
Global
	GlobalSection(SubversionScc) = preSolution
		Svn-Managed = True
		Manager = AnkhSVN - Subversion Support for Visual Studio
	EndGlobalSection
	GlobalSection(SolutionConfigurationPlatforms) = preSolution
		Debug|x86 = Debug|x86
		DebugCS|x86 = DebugCS|x86
		DebugDbClassGen|x86 = DebugDbClassGen|x86
		DebugTopDown|x86 = DebugTopDown|x86
		Release|x86 = Release|x86
	EndGlobalSection
	GlobalSection(ProjectConfigurationPlatforms) = postSolution
		{7A762FC3-FBD4-48D9-894E-D2279A6D33FA}.Debug|x86.ActiveCfg = Debug|x86
		{7A762FC3-FBD4-48D9-894E-D2279A6D33FA}.Debug|x86.Build.0 = Debug|x86
		{7A762FC3-FBD4-48D9-894E-D2279A6D33FA}.DebugCS|x86.ActiveCfg = Debug|x86
		{7A762FC3-FBD4-48D9-894E-D2279A6D33FA}.DebugCS|x86.Build.0 = Debug|x86
		{7A762FC3-FBD4-48D9-894E-D2279A6D33FA}.DebugDbClassGen|x86.ActiveCfg = Debug|x86
		{7A762FC3-FBD4-48D9-894E-D2279A6D33FA}.DebugTopDown|x86.ActiveCfg = DebugTopDown|x86
		{7A762FC3-FBD4-48D9-894E-D2279A6D33FA}.DebugTopDown|x86.Build.0 = DebugTopDown|x86
		{7A762FC3-FBD4-48D9-894E-D2279A6D33FA}.Release|x86.ActiveCfg = Release|x86
		{7A762FC3-FBD4-48D9-894E-D2279A6D33FA}.Release|x86.Build.0 = Release|x86
		{78D0AD30-FFCE-4410-96C6-8063C3E41ED6}.Debug|x86.ActiveCfg = Debug|x86
		{78D0AD30-FFCE-4410-96C6-8063C3E41ED6}.Debug|x86.Build.0 = Debug|x86
		{78D0AD30-FFCE-4410-96C6-8063C3E41ED6}.DebugCS|x86.ActiveCfg = Debug|x86
		{78D0AD30-FFCE-4410-96C6-8063C3E41ED6}.DebugCS|x86.Build.0 = Debug|x86
		{78D0AD30-FFCE-4410-96C6-8063C3E41ED6}.DebugDbClassGen|x86.ActiveCfg = Debug|x86
		{78D0AD30-FFCE-4410-96C6-8063C3E41ED6}.DebugTopDown|x86.ActiveCfg = DebugTopDown|x86
		{78D0AD30-FFCE-4410-96C6-8063C3E41ED6}.DebugTopDown|x86.Build.0 = DebugTopDown|x86
		{78D0AD30-FFCE-4410-96C6-8063C3E41ED6}.Release|x86.ActiveCfg = Release|x86
		{78D0AD30-FFCE-4410-96C6-8063C3E41ED6}.Release|x86.Build.0 = Release|x86
		{76C45E48-16F2-478F-B06C-5AD993F6B1F1}.Debug|x86.ActiveCfg = Debug|x86
		{76C45E48-16F2-478F-B06C-5AD993F6B1F1}.Debug|x86.Build.0 = Debug|x86
		{76C45E48-16F2-478F-B06C-5AD993F6B1F1}.DebugCS|x86.ActiveCfg = Debug|x86
		{76C45E48-16F2-478F-B06C-5AD993F6B1F1}.DebugCS|x86.Build.0 = Debug|x86
		{76C45E48-16F2-478F-B06C-5AD993F6B1F1}.DebugDbClassGen|x86.ActiveCfg = Debug|x86
		{76C45E48-16F2-478F-B06C-5AD993F6B1F1}.DebugTopDown|x86.ActiveCfg = DebugTopDown|x86
		{76C45E48-16F2-478F-B06C-5AD993F6B1F1}.DebugTopDown|x86.Build.0 = DebugTopDown|x86
		{76C45E48-16F2-478F-B06C-5AD993F6B1F1}.Release|x86.ActiveCfg = Release|x86
		{76C45E48-16F2-478F-B06C-5AD993F6B1F1}.Release|x86.Build.0 = Release|x86
		{5C385F68-DAEB-4BF2-9472-D5D69B6B2373}.Debug|x86.ActiveCfg = Debug|x86
		{5C385F68-DAEB-4BF2-9472-D5D69B6B2373}.Debug|x86.Build.0 = Debug|x86
		{5C385F68-DAEB-4BF2-9472-D5D69B6B2373}.DebugCS|x86.ActiveCfg = Debug|x86
		{5C385F68-DAEB-4BF2-9472-D5D69B6B2373}.DebugCS|x86.Build.0 = Debug|x86
		{5C385F68-DAEB-4BF2-9472-D5D69B6B2373}.DebugDbClassGen|x86.ActiveCfg = Debug|x86
		{5C385F68-DAEB-4BF2-9472-D5D69B6B2373}.DebugTopDown|x86.ActiveCfg = DebugTopDown|x86
		{5C385F68-DAEB-4BF2-9472-D5D69B6B2373}.DebugTopDown|x86.Build.0 = DebugTopDown|x86
		{5C385F68-DAEB-4BF2-9472-D5D69B6B2373}.Release|x86.ActiveCfg = Release|x86
		{5C385F68-DAEB-4BF2-9472-D5D69B6B2373}.Release|x86.Build.0 = Release|x86
		{772C6932-6CAF-48A0-88ED-C2BF5E9153F2}.Debug|x86.ActiveCfg = Debug|x86
		{772C6932-6CAF-48A0-88ED-C2BF5E9153F2}.Debug|x86.Build.0 = Debug|x86
		{772C6932-6CAF-48A0-88ED-C2BF5E9153F2}.DebugCS|x86.ActiveCfg = Debug|x86
		{772C6932-6CAF-48A0-88ED-C2BF5E9153F2}.DebugCS|x86.Build.0 = Debug|x86
		{772C6932-6CAF-48A0-88ED-C2BF5E9153F2}.DebugDbClassGen|x86.ActiveCfg = Debug|x86
		{772C6932-6CAF-48A0-88ED-C2BF5E9153F2}.DebugTopDown|x86.ActiveCfg = DebugTopDown|x86
		{772C6932-6CAF-48A0-88ED-C2BF5E9153F2}.DebugTopDown|x86.Build.0 = DebugTopDown|x86
		{772C6932-6CAF-48A0-88ED-C2BF5E9153F2}.Release|x86.ActiveCfg = Release|x86
		{772C6932-6CAF-48A0-88ED-C2BF5E9153F2}.Release|x86.Build.0 = Release|x86
		{5B6B51B8-59FF-431F-ADFD-E36F881CED26}.Debug|x86.ActiveCfg = Debug|x86
		{5B6B51B8-59FF-431F-ADFD-E36F881CED26}.Debug|x86.Build.0 = Debug|x86
		{5B6B51B8-59FF-431F-ADFD-E36F881CED26}.DebugCS|x86.ActiveCfg = Debug|x86
		{5B6B51B8-59FF-431F-ADFD-E36F881CED26}.DebugDbClassGen|x86.ActiveCfg = Debug|x86
		{5B6B51B8-59FF-431F-ADFD-E36F881CED26}.DebugTopDown|x86.ActiveCfg = DebugTopDown|x86
		{5B6B51B8-59FF-431F-ADFD-E36F881CED26}.DebugTopDown|x86.Build.0 = DebugTopDown|x86
		{5B6B51B8-59FF-431F-ADFD-E36F881CED26}.Release|x86.ActiveCfg = Release|x86
		{5B6B51B8-59FF-431F-ADFD-E36F881CED26}.Release|x86.Build.0 = Release|x86
		{3FE6ED98-7D1B-4954-B560-BF2FA922C1CB}.Debug|x86.ActiveCfg = Debug|x86
		{3FE6ED98-7D1B-4954-B560-BF2FA922C1CB}.Debug|x86.Build.0 = Debug|x86
		{3FE6ED98-7D1B-4954-B560-BF2FA922C1CB}.DebugCS|x86.ActiveCfg = Debug|x86
		{3FE6ED98-7D1B-4954-B560-BF2FA922C1CB}.DebugDbClassGen|x86.ActiveCfg = Debug|x86
		{3FE6ED98-7D1B-4954-B560-BF2FA922C1CB}.DebugTopDown|x86.ActiveCfg = DebugTopDown|x86
		{3FE6ED98-7D1B-4954-B560-BF2FA922C1CB}.DebugTopDown|x86.Build.0 = DebugTopDown|x86
		{3FE6ED98-7D1B-4954-B560-BF2FA922C1CB}.Release|x86.ActiveCfg = Release|x86
		{3FE6ED98-7D1B-4954-B560-BF2FA922C1CB}.Release|x86.Build.0 = Release|x86
		{E35B4F33-9ECB-448B-8D6F-EA1CC4FC87B9}.Debug|x86.ActiveCfg = Debug|x86
		{E35B4F33-9ECB-448B-8D6F-EA1CC4FC87B9}.Debug|x86.Build.0 = Debug|x86
		{E35B4F33-9ECB-448B-8D6F-EA1CC4FC87B9}.DebugCS|x86.ActiveCfg = Debug|x86
		{E35B4F33-9ECB-448B-8D6F-EA1CC4FC87B9}.DebugDbClassGen|x86.ActiveCfg = Debug|x86
		{E35B4F33-9ECB-448B-8D6F-EA1CC4FC87B9}.DebugTopDown|x86.ActiveCfg = DebugTopDown|x86
		{E35B4F33-9ECB-448B-8D6F-EA1CC4FC87B9}.DebugTopDown|x86.Build.0 = DebugTopDown|x86
		{E35B4F33-9ECB-448B-8D6F-EA1CC4FC87B9}.Release|x86.ActiveCfg = Release|x86
		{E35B4F33-9ECB-448B-8D6F-EA1CC4FC87B9}.Release|x86.Build.0 = Release|x86
		{EE6959A2-B5BD-4817-8D05-6A01AE107E31}.Debug|x86.ActiveCfg = Debug|x86
		{EE6959A2-B5BD-4817-8D05-6A01AE107E31}.Debug|x86.Build.0 = Debug|x86
		{EE6959A2-B5BD-4817-8D05-6A01AE107E31}.DebugCS|x86.ActiveCfg = Debug|x86
		{EE6959A2-B5BD-4817-8D05-6A01AE107E31}.DebugDbClassGen|x86.ActiveCfg = Debug|x86
		{EE6959A2-B5BD-4817-8D05-6A01AE107E31}.DebugTopDown|x86.ActiveCfg = DebugTopDown|x86
		{EE6959A2-B5BD-4817-8D05-6A01AE107E31}.DebugTopDown|x86.Build.0 = DebugTopDown|x86
		{EE6959A2-B5BD-4817-8D05-6A01AE107E31}.Release|x86.ActiveCfg = Release|x86
		{EE6959A2-B5BD-4817-8D05-6A01AE107E31}.Release|x86.Build.0 = Release|x86
		{EF4B471E-C101-4AAC-882E-BBDE9A54D212}.Debug|x86.ActiveCfg = Debug|x86
		{EF4B471E-C101-4AAC-882E-BBDE9A54D212}.Debug|x86.Build.0 = Debug|x86
		{EF4B471E-C101-4AAC-882E-BBDE9A54D212}.DebugCS|x86.ActiveCfg = Debug|x86
		{EF4B471E-C101-4AAC-882E-BBDE9A54D212}.DebugCS|x86.Build.0 = Debug|x86
		{EF4B471E-C101-4AAC-882E-BBDE9A54D212}.DebugDbClassGen|x86.ActiveCfg = Debug|x86
		{EF4B471E-C101-4AAC-882E-BBDE9A54D212}.DebugDbClassGen|x86.Build.0 = Debug|x86
		{EF4B471E-C101-4AAC-882E-BBDE9A54D212}.DebugTopDown|x86.ActiveCfg = Debug|x86
		{EF4B471E-C101-4AAC-882E-BBDE9A54D212}.DebugTopDown|x86.Build.0 = Debug|x86
		{EF4B471E-C101-4AAC-882E-BBDE9A54D212}.Release|x86.ActiveCfg = Release|x86
		{EF4B471E-C101-4AAC-882E-BBDE9A54D212}.Release|x86.Build.0 = Release|x86
		{927E889E-AC38-4549-A717-A4FFCA22ADB6}.Debug|x86.ActiveCfg = Debug|x86
		{927E889E-AC38-4549-A717-A4FFCA22ADB6}.Debug|x86.Build.0 = Debug|x86
		{927E889E-AC38-4549-A717-A4FFCA22ADB6}.DebugCS|x86.ActiveCfg = Debug|x86
		{927E889E-AC38-4549-A717-A4FFCA22ADB6}.DebugDbClassGen|x86.ActiveCfg = Debug|x86
		{927E889E-AC38-4549-A717-A4FFCA22ADB6}.DebugDbClassGen|x86.Build.0 = Debug|x86
		{927E889E-AC38-4549-A717-A4FFCA22ADB6}.DebugTopDown|x86.ActiveCfg = Debug|x86
		{927E889E-AC38-4549-A717-A4FFCA22ADB6}.DebugTopDown|x86.Build.0 = Debug|x86
		{927E889E-AC38-4549-A717-A4FFCA22ADB6}.Release|x86.ActiveCfg = Release|x86
		{927E889E-AC38-4549-A717-A4FFCA22ADB6}.Release|x86.Build.0 = Release|x86
		{A6708B42-B900-47C1-AFBA-241DA188D38A}.Debug|x86.ActiveCfg = Debug|x86
		{A6708B42-B900-47C1-AFBA-241DA188D38A}.Debug|x86.Build.0 = Debug|x86
		{A6708B42-B900-47C1-AFBA-241DA188D38A}.DebugCS|x86.ActiveCfg = Debug|x86
		{A6708B42-B900-47C1-AFBA-241DA188D38A}.DebugDbClassGen|x86.ActiveCfg = Debug|x86
		{A6708B42-B900-47C1-AFBA-241DA188D38A}.DebugTopDown|x86.ActiveCfg = DebugTopDown|x86
		{A6708B42-B900-47C1-AFBA-241DA188D38A}.DebugTopDown|x86.Build.0 = DebugTopDown|x86
		{A6708B42-B900-47C1-AFBA-241DA188D38A}.Release|x86.ActiveCfg = Release|x86
		{A6708B42-B900-47C1-AFBA-241DA188D38A}.Release|x86.Build.0 = Release|x86
		{DB59800A-5924-4DE7-A349-46B60AF0348F}.Debug|x86.ActiveCfg = Debug|x86
		{DB59800A-5924-4DE7-A349-46B60AF0348F}.Debug|x86.Build.0 = Debug|x86
		{DB59800A-5924-4DE7-A349-46B60AF0348F}.DebugCS|x86.ActiveCfg = Debug|x86
		{DB59800A-5924-4DE7-A349-46B60AF0348F}.DebugCS|x86.Build.0 = Debug|x86
		{DB59800A-5924-4DE7-A349-46B60AF0348F}.DebugDbClassGen|x86.ActiveCfg = Debug|x86
		{DB59800A-5924-4DE7-A349-46B60AF0348F}.DebugTopDown|x86.ActiveCfg = DebugTopDown|x86
		{DB59800A-5924-4DE7-A349-46B60AF0348F}.DebugTopDown|x86.Build.0 = DebugTopDown|x86
		{DB59800A-5924-4DE7-A349-46B60AF0348F}.Release|x86.ActiveCfg = Release|x86
		{DB59800A-5924-4DE7-A349-46B60AF0348F}.Release|x86.Build.0 = Release|x86
		{B754CB42-CD27-4602-809C-930677A8AD08}.Debug|x86.ActiveCfg = Debug|x86
		{B754CB42-CD27-4602-809C-930677A8AD08}.Debug|x86.Build.0 = Debug|x86
		{B754CB42-CD27-4602-809C-930677A8AD08}.DebugCS|x86.ActiveCfg = Debug|x86
		{B754CB42-CD27-4602-809C-930677A8AD08}.DebugDbClassGen|x86.ActiveCfg = Debug|x86
		{B754CB42-CD27-4602-809C-930677A8AD08}.DebugTopDown|x86.ActiveCfg = DebugTopDown|x86
		{B754CB42-CD27-4602-809C-930677A8AD08}.DebugTopDown|x86.Build.0 = DebugTopDown|x86
		{B754CB42-CD27-4602-809C-930677A8AD08}.Release|x86.ActiveCfg = Release|x86
		{B754CB42-CD27-4602-809C-930677A8AD08}.Release|x86.Build.0 = Release|x86
		{E45C879C-61AC-45F0-8E25-453EE46EB086}.Debug|x86.ActiveCfg = Debug|x86
		{E45C879C-61AC-45F0-8E25-453EE46EB086}.Debug|x86.Build.0 = Debug|x86
		{E45C879C-61AC-45F0-8E25-453EE46EB086}.DebugCS|x86.ActiveCfg = Debug|x86
		{E45C879C-61AC-45F0-8E25-453EE46EB086}.DebugDbClassGen|x86.ActiveCfg = Debug|x86
		{E45C879C-61AC-45F0-8E25-453EE46EB086}.DebugTopDown|x86.ActiveCfg = DebugTopDown|x86
		{E45C879C-61AC-45F0-8E25-453EE46EB086}.DebugTopDown|x86.Build.0 = DebugTopDown|x86
		{E45C879C-61AC-45F0-8E25-453EE46EB086}.Release|x86.ActiveCfg = Release|x86
		{E45C879C-61AC-45F0-8E25-453EE46EB086}.Release|x86.Build.0 = Release|x86
		{5A09C6C9-0007-4F42-8EA0-3CD41968D6EE}.Debug|x86.ActiveCfg = Debug|x86
		{5A09C6C9-0007-4F42-8EA0-3CD41968D6EE}.DebugCS|x86.ActiveCfg = DebugTopDown|x86
		{5A09C6C9-0007-4F42-8EA0-3CD41968D6EE}.DebugDbClassGen|x86.ActiveCfg = DebugTopDown|x86
		{5A09C6C9-0007-4F42-8EA0-3CD41968D6EE}.DebugTopDown|x86.ActiveCfg = DebugTopDown|x86
		{5A09C6C9-0007-4F42-8EA0-3CD41968D6EE}.Release|x86.ActiveCfg = Release|x86
		{586E77C1-8412-4CBB-AC4A-A9E7E6982388}.Debug|x86.ActiveCfg = Debug|x86
		{586E77C1-8412-4CBB-AC4A-A9E7E6982388}.DebugCS|x86.ActiveCfg = DebugTopDown|x86
		{586E77C1-8412-4CBB-AC4A-A9E7E6982388}.DebugDbClassGen|x86.ActiveCfg = DebugTopDown|x86
		{586E77C1-8412-4CBB-AC4A-A9E7E6982388}.DebugTopDown|x86.ActiveCfg = DebugTopDown|x86
		{586E77C1-8412-4CBB-AC4A-A9E7E6982388}.Release|x86.ActiveCfg = Release|x86
	EndGlobalSection
	GlobalSection(SolutionProperties) = preSolution
		HideSolutionNode = FALSE
	EndGlobalSection
EndGlobal
