Microsoft Visual Studio Solution File, Format Version 10.00
# Visual Studio 2008
Project("{FAE04EC0-301F-11D3-BF4B-00C04F79EFBC}") = "DemoGame.MapEditor", "DemoGame.MapEditor\DemoGame.MapEditor.csproj", "{E45C879C-61AC-45F0-8E25-453EE46EB086}"
	ProjectSection(ProjectDependencies) = postProject
		{7A762FC3-FBD4-48D9-894E-D2279A6D33FA} = {7A762FC3-FBD4-48D9-894E-D2279A6D33FA}
	EndProjectSection
EndProject
Project("{FAE04EC0-301F-11D3-BF4B-00C04F79EFBC}") = "System.Bits", "System.Bits\System.Bits.csproj", "{51AA57D1-ADC2-48D5-88F0-DDBDAAF37DFB}"
EndProject
Project("{FAE04EC0-301F-11D3-BF4B-00C04F79EFBC}") = "System.Text", "System.Text\System.Text.csproj", "{443E3E19-DB04-46D2-AB28-8817A9A87969}"
EndProject
Project("{FAE04EC0-301F-11D3-BF4B-00C04F79EFBC}") = "NetGore.XNASubstitute", "NetGore.XNASubstitute\NetGore.XNASubstitute.csproj", "{4158B1D6-8CD7-4647-ABED-819D571BECD4}"
EndProject
Project("{FAE04EC0-301F-11D3-BF4B-00C04F79EFBC}") = "DemoGame.ClientObjs", "DemoGame.ClientObjs\DemoGame.ClientObjs.csproj", "{7313F955-A78D-48A2-B087-8EC22E24ED8A}"
EndProject
Project("{FAE04EC0-301F-11D3-BF4B-00C04F79EFBC}") = "NetGore.Graphics.WinForms", "NetGore.Graphics.WinForms\NetGore.Graphics.WinForms.csproj", "{B2AC0C73-29FE-4184-97E7-929A98769248}"
EndProject
Project("{FAE04EC0-301F-11D3-BF4B-00C04F79EFBC}") = "DemoGame.Client", "DemoGame.Client\DemoGame.Client.csproj", "{7A762FC3-FBD4-48D9-894E-D2279A6D33FA}"
EndProject
Project("{FAE04EC0-301F-11D3-BF4B-00C04F79EFBC}") = "DemoGame.Server", "DemoGame.Server\DemoGame.Server.csproj", "{78D0AD30-FFCE-4410-96C6-8063C3E41ED6}"
EndProject
Project("{FAE04EC0-301F-11D3-BF4B-00C04F79EFBC}") = "NetGore.Graphics", "NetGore.Graphics\NetGore.Graphics.csproj", "{76C45E48-16F2-478F-B06C-5AD993F6B1F1}"
EndProject
Project("{FAE04EC0-301F-11D3-BF4B-00C04F79EFBC}") = "NetGore.Network", "NetGore.Network\NetGore.Network.csproj", "{B51BE2B8-B1A9-460A-BC38-794FAC66636C}"
EndProject
Project("{FAE04EC0-301F-11D3-BF4B-00C04F79EFBC}") = "NetGore", "NetGore\NetGore.csproj", "{5C385F68-DAEB-4BF2-9472-D5D69B6B2373}"
EndProject
Project("{FAE04EC0-301F-11D3-BF4B-00C04F79EFBC}") = "DemoGame", "DemoGame\DemoGame.csproj", "{772C6932-6CAF-48A0-88ED-C2BF5E9153F2}"
EndProject
Project("{FAE04EC0-301F-11D3-BF4B-00C04F79EFBC}") = "DemoGame.SkeletonEditor", "DemoGame.SkeletonEditor\DemoGame.SkeletonEditor.csproj", "{5B6B51B8-59FF-431F-ADFD-E36F881CED26}"
	ProjectSection(ProjectDependencies) = postProject
		{7A762FC3-FBD4-48D9-894E-D2279A6D33FA} = {7A762FC3-FBD4-48D9-894E-D2279A6D33FA}
	EndProjectSection
EndProject
Project("{FAE04EC0-301F-11D3-BF4B-00C04F79EFBC}") = "NetGore.EditorTools", "NetGore.EditorTools\NetGore.EditorTools.csproj", "{3FE6ED98-7D1B-4954-B560-BF2FA922C1CB}"
EndProject
Project("{FAE04EC0-301F-11D3-BF4B-00C04F79EFBC}") = "NetGore.Graphics.GUI", "NetGore.GUI\NetGore.Graphics.GUI.csproj", "{D33249A8-9956-46A0-BC1A-42D5206C9F01}"
EndProject
Project("{FAE04EC0-301F-11D3-BF4B-00C04F79EFBC}") = "DemoGame.GUITester", "DemoGame.GUITester\DemoGame.GUITester.csproj", "{E35B4F33-9ECB-448B-8D6F-EA1CC4FC87B9}"
	ProjectSection(ProjectDependencies) = postProject
		{7A762FC3-FBD4-48D9-894E-D2279A6D33FA} = {7A762FC3-FBD4-48D9-894E-D2279A6D33FA}
	EndProjectSection
EndProject
Project("{FAE04EC0-301F-11D3-BF4B-00C04F79EFBC}") = "Clean", "Clean\Clean.csproj", "{8BA4AE1D-2AF1-4DF9-A511-170C33469ADE}"
EndProject
Project("{FAE04EC0-301F-11D3-BF4B-00C04F79EFBC}") = "System.Bits.Tests", "System.Bits.Tests\System.Bits.Tests.csproj", "{ED74E2EA-99BA-4D4F-93FC-64F562C80054}"
EndProject
Project("{FAE04EC0-301F-11D3-BF4B-00C04F79EFBC}") = "NetGore.Extensions", "NetGore.Extensions\NetGore.Extensions.csproj", "{329A220A-93D3-40C2-A46B-51C55D4FA16A}"
EndProject
Project("{FAE04EC0-301F-11D3-BF4B-00C04F79EFBC}") = "DemoGame.Extensions", "DemoGame.Extensions\DemoGame.Extensions.csproj", "{DA62F910-7F9B-4E95-96C2-EB0CAD308BA9}"
EndProject
Project("{FAE04EC0-301F-11D3-BF4B-00C04F79EFBC}") = "NetGore.Tests", "NetGore.Tests\NetGore.Tests.csproj", "{EE6959A2-B5BD-4817-8D05-6A01AE107E31}"
EndProject
Project("{FAE04EC0-301F-11D3-BF4B-00C04F79EFBC}") = "NetGore.Extensions.Tests", "NetGore.Extensions.Tests\NetGore.Extensions.Tests.csproj", "{34DA9060-1DC8-4AE8-B9EC-564CF90E7B6D}"
EndProject
Project("{FAE04EC0-301F-11D3-BF4B-00C04F79EFBC}") = "NetGore.IO", "NetGore.IO\NetGore.IO.csproj", "{E7C8665B-101F-4930-97B7-68FC2C236971}"
EndProject
Project("{FAE04EC0-301F-11D3-BF4B-00C04F79EFBC}") = "NetGore.IO.Tests", "NetGore.IO.Tests\NetGore.IO.Tests.csproj", "{07337A05-C38C-44DE-84E7-BA77D6021D0F}"
EndProject
Project("{FAE04EC0-301F-11D3-BF4B-00C04F79EFBC}") = "DemoGame.Server.Tests", "DemoGame.Server.Tests\DemoGame.Server.Tests.csproj", "{AAD5853E-3D64-472C-802F-B1899235680E}"
EndProject
Project("{FAE04EC0-301F-11D3-BF4B-00C04F79EFBC}") = "NetGore.Collections", "NetGore.Collections\NetGore.Collections.csproj", "{C45432C4-D511-4874-8BF9-EB91AD6E8839}"
EndProject
Project("{FAE04EC0-301F-11D3-BF4B-00C04F79EFBC}") = "NetGore.Collections.Tests", "NetGore.Collections.Tests\NetGore.Collections.Tests.csproj", "{9FF7C125-C009-4DE2-9022-BACBE3AFDB30}"
EndProject
Project("{FAE04EC0-301F-11D3-BF4B-00C04F79EFBC}") = "NetGore.Db", "NetGore.Db\NetGore.Db.csproj", "{EF4B471E-C101-4AAC-882E-BBDE9A54D212}"
EndProject
Project("{FAE04EC0-301F-11D3-BF4B-00C04F79EFBC}") = "NetGore.Db.MySql", "NetGore.Db.MySql\NetGore.Db.MySql.csproj", "{43D09443-29F5-4688-81D7-5B5835EAC550}"
EndProject
Global
	GlobalSection(SubversionScc) = preSolution
		Svn-Managed = True
		Manager = AnkhSVN - Subversion Support for Visual Studio
	EndGlobalSection
	GlobalSection(SolutionConfigurationPlatforms) = preSolution
		Debug|Any CPU = Debug|Any CPU
		Debug|Mixed Platforms = Debug|Mixed Platforms
		Debug|x86 = Debug|x86
		Debug|Xbox 360 = Debug|Xbox 360
		Profile|Any CPU = Profile|Any CPU
		Profile|Mixed Platforms = Profile|Mixed Platforms
		Profile|x86 = Profile|x86
		Profile|Xbox 360 = Profile|Xbox 360
		Release|Any CPU = Release|Any CPU
		Release|Mixed Platforms = Release|Mixed Platforms
		Release|x86 = Release|x86
		Release|Xbox 360 = Release|Xbox 360
	EndGlobalSection
	GlobalSection(ProjectConfigurationPlatforms) = postSolution
		{E45C879C-61AC-45F0-8E25-453EE46EB086}.Debug|Any CPU.ActiveCfg = Debug|x86
		{E45C879C-61AC-45F0-8E25-453EE46EB086}.Debug|Any CPU.Build.0 = Debug|x86
		{E45C879C-61AC-45F0-8E25-453EE46EB086}.Debug|Mixed Platforms.ActiveCfg = Debug|x86
		{E45C879C-61AC-45F0-8E25-453EE46EB086}.Debug|Mixed Platforms.Build.0 = Debug|x86
		{E45C879C-61AC-45F0-8E25-453EE46EB086}.Debug|x86.ActiveCfg = Debug|x86
		{E45C879C-61AC-45F0-8E25-453EE46EB086}.Debug|x86.Build.0 = Debug|x86
		{E45C879C-61AC-45F0-8E25-453EE46EB086}.Debug|Xbox 360.ActiveCfg = Debug|x86
		{E45C879C-61AC-45F0-8E25-453EE46EB086}.Profile|Any CPU.ActiveCfg = Release|x86
		{E45C879C-61AC-45F0-8E25-453EE46EB086}.Profile|Mixed Platforms.ActiveCfg = Release|x86
		{E45C879C-61AC-45F0-8E25-453EE46EB086}.Profile|Mixed Platforms.Build.0 = Release|x86
		{E45C879C-61AC-45F0-8E25-453EE46EB086}.Profile|x86.ActiveCfg = Release|x86
		{E45C879C-61AC-45F0-8E25-453EE46EB086}.Profile|x86.Build.0 = Release|x86
		{E45C879C-61AC-45F0-8E25-453EE46EB086}.Profile|Xbox 360.ActiveCfg = Release|x86
		{E45C879C-61AC-45F0-8E25-453EE46EB086}.Release|Any CPU.ActiveCfg = Release|Any CPU
		{E45C879C-61AC-45F0-8E25-453EE46EB086}.Release|Any CPU.Build.0 = Release|Any CPU
		{E45C879C-61AC-45F0-8E25-453EE46EB086}.Release|Mixed Platforms.ActiveCfg = Release|x86
		{E45C879C-61AC-45F0-8E25-453EE46EB086}.Release|Mixed Platforms.Build.0 = Release|x86
		{E45C879C-61AC-45F0-8E25-453EE46EB086}.Release|x86.ActiveCfg = Release|x86
		{E45C879C-61AC-45F0-8E25-453EE46EB086}.Release|x86.Build.0 = Release|x86
		{E45C879C-61AC-45F0-8E25-453EE46EB086}.Release|Xbox 360.ActiveCfg = Release|x86
		{51AA57D1-ADC2-48D5-88F0-DDBDAAF37DFB}.Debug|Any CPU.ActiveCfg = Debug|x86
		{51AA57D1-ADC2-48D5-88F0-DDBDAAF37DFB}.Debug|Any CPU.Build.0 = Debug|x86
		{51AA57D1-ADC2-48D5-88F0-DDBDAAF37DFB}.Debug|Mixed Platforms.ActiveCfg = Debug|x86
		{51AA57D1-ADC2-48D5-88F0-DDBDAAF37DFB}.Debug|Mixed Platforms.Build.0 = Debug|x86
		{51AA57D1-ADC2-48D5-88F0-DDBDAAF37DFB}.Debug|x86.ActiveCfg = Debug|x86
		{51AA57D1-ADC2-48D5-88F0-DDBDAAF37DFB}.Debug|x86.Build.0 = Debug|x86
		{51AA57D1-ADC2-48D5-88F0-DDBDAAF37DFB}.Debug|Xbox 360.ActiveCfg = Debug|x86
		{51AA57D1-ADC2-48D5-88F0-DDBDAAF37DFB}.Profile|Any CPU.ActiveCfg = Release|x86
		{51AA57D1-ADC2-48D5-88F0-DDBDAAF37DFB}.Profile|Mixed Platforms.ActiveCfg = Release|x86
		{51AA57D1-ADC2-48D5-88F0-DDBDAAF37DFB}.Profile|Mixed Platforms.Build.0 = Release|x86
		{51AA57D1-ADC2-48D5-88F0-DDBDAAF37DFB}.Profile|x86.ActiveCfg = Release|x86
		{51AA57D1-ADC2-48D5-88F0-DDBDAAF37DFB}.Profile|x86.Build.0 = Release|x86
		{51AA57D1-ADC2-48D5-88F0-DDBDAAF37DFB}.Profile|Xbox 360.ActiveCfg = Release|x86
		{51AA57D1-ADC2-48D5-88F0-DDBDAAF37DFB}.Release|Any CPU.ActiveCfg = Release|Any CPU
		{51AA57D1-ADC2-48D5-88F0-DDBDAAF37DFB}.Release|Any CPU.Build.0 = Release|Any CPU
		{51AA57D1-ADC2-48D5-88F0-DDBDAAF37DFB}.Release|Mixed Platforms.ActiveCfg = Release|x86
		{51AA57D1-ADC2-48D5-88F0-DDBDAAF37DFB}.Release|Mixed Platforms.Build.0 = Release|x86
		{51AA57D1-ADC2-48D5-88F0-DDBDAAF37DFB}.Release|x86.ActiveCfg = Release|x86
		{51AA57D1-ADC2-48D5-88F0-DDBDAAF37DFB}.Release|x86.Build.0 = Release|x86
		{51AA57D1-ADC2-48D5-88F0-DDBDAAF37DFB}.Release|Xbox 360.ActiveCfg = Release|x86
		{443E3E19-DB04-46D2-AB28-8817A9A87969}.Debug|Any CPU.ActiveCfg = Debug|x86
		{443E3E19-DB04-46D2-AB28-8817A9A87969}.Debug|Any CPU.Build.0 = Debug|x86
		{443E3E19-DB04-46D2-AB28-8817A9A87969}.Debug|Mixed Platforms.ActiveCfg = Debug|x86
		{443E3E19-DB04-46D2-AB28-8817A9A87969}.Debug|Mixed Platforms.Build.0 = Debug|x86
		{443E3E19-DB04-46D2-AB28-8817A9A87969}.Debug|x86.ActiveCfg = Debug|x86
		{443E3E19-DB04-46D2-AB28-8817A9A87969}.Debug|x86.Build.0 = Debug|x86
		{443E3E19-DB04-46D2-AB28-8817A9A87969}.Debug|Xbox 360.ActiveCfg = Debug|x86
		{443E3E19-DB04-46D2-AB28-8817A9A87969}.Profile|Any CPU.ActiveCfg = Release|x86
		{443E3E19-DB04-46D2-AB28-8817A9A87969}.Profile|Mixed Platforms.ActiveCfg = Release|x86
		{443E3E19-DB04-46D2-AB28-8817A9A87969}.Profile|Mixed Platforms.Build.0 = Release|x86
		{443E3E19-DB04-46D2-AB28-8817A9A87969}.Profile|x86.ActiveCfg = Release|x86
		{443E3E19-DB04-46D2-AB28-8817A9A87969}.Profile|x86.Build.0 = Release|x86
		{443E3E19-DB04-46D2-AB28-8817A9A87969}.Profile|Xbox 360.ActiveCfg = Release|x86
		{443E3E19-DB04-46D2-AB28-8817A9A87969}.Release|Any CPU.ActiveCfg = Release|Any CPU
		{443E3E19-DB04-46D2-AB28-8817A9A87969}.Release|Any CPU.Build.0 = Release|Any CPU
		{443E3E19-DB04-46D2-AB28-8817A9A87969}.Release|Mixed Platforms.ActiveCfg = Release|x86
		{443E3E19-DB04-46D2-AB28-8817A9A87969}.Release|Mixed Platforms.Build.0 = Release|x86
		{443E3E19-DB04-46D2-AB28-8817A9A87969}.Release|x86.ActiveCfg = Release|x86
		{443E3E19-DB04-46D2-AB28-8817A9A87969}.Release|x86.Build.0 = Release|x86
		{443E3E19-DB04-46D2-AB28-8817A9A87969}.Release|Xbox 360.ActiveCfg = Release|x86
		{4158B1D6-8CD7-4647-ABED-819D571BECD4}.Debug|Any CPU.ActiveCfg = Debug|x86
		{4158B1D6-8CD7-4647-ABED-819D571BECD4}.Debug|Any CPU.Build.0 = Debug|x86
		{4158B1D6-8CD7-4647-ABED-819D571BECD4}.Debug|Mixed Platforms.ActiveCfg = Debug|x86
		{4158B1D6-8CD7-4647-ABED-819D571BECD4}.Debug|Mixed Platforms.Build.0 = Debug|x86
		{4158B1D6-8CD7-4647-ABED-819D571BECD4}.Debug|x86.ActiveCfg = Debug|x86
		{4158B1D6-8CD7-4647-ABED-819D571BECD4}.Debug|x86.Build.0 = Debug|x86
		{4158B1D6-8CD7-4647-ABED-819D571BECD4}.Debug|Xbox 360.ActiveCfg = Debug|x86
		{4158B1D6-8CD7-4647-ABED-819D571BECD4}.Profile|Any CPU.ActiveCfg = Release|x86
		{4158B1D6-8CD7-4647-ABED-819D571BECD4}.Profile|Mixed Platforms.ActiveCfg = Release|x86
		{4158B1D6-8CD7-4647-ABED-819D571BECD4}.Profile|Mixed Platforms.Build.0 = Release|x86
		{4158B1D6-8CD7-4647-ABED-819D571BECD4}.Profile|x86.ActiveCfg = Release|x86
		{4158B1D6-8CD7-4647-ABED-819D571BECD4}.Profile|x86.Build.0 = Release|x86
		{4158B1D6-8CD7-4647-ABED-819D571BECD4}.Profile|Xbox 360.ActiveCfg = Release|x86
		{4158B1D6-8CD7-4647-ABED-819D571BECD4}.Release|Any CPU.ActiveCfg = Release|Any CPU
		{4158B1D6-8CD7-4647-ABED-819D571BECD4}.Release|Any CPU.Build.0 = Release|Any CPU
		{4158B1D6-8CD7-4647-ABED-819D571BECD4}.Release|Mixed Platforms.ActiveCfg = Release|x86
		{4158B1D6-8CD7-4647-ABED-819D571BECD4}.Release|Mixed Platforms.Build.0 = Release|x86
		{4158B1D6-8CD7-4647-ABED-819D571BECD4}.Release|x86.ActiveCfg = Release|x86
		{4158B1D6-8CD7-4647-ABED-819D571BECD4}.Release|x86.Build.0 = Release|x86
		{4158B1D6-8CD7-4647-ABED-819D571BECD4}.Release|Xbox 360.ActiveCfg = Release|x86
		{7313F955-A78D-48A2-B087-8EC22E24ED8A}.Debug|Any CPU.ActiveCfg = Debug|x86
		{7313F955-A78D-48A2-B087-8EC22E24ED8A}.Debug|Any CPU.Build.0 = Debug|x86
		{7313F955-A78D-48A2-B087-8EC22E24ED8A}.Debug|Mixed Platforms.ActiveCfg = Debug|x86
		{7313F955-A78D-48A2-B087-8EC22E24ED8A}.Debug|Mixed Platforms.Build.0 = Debug|x86
		{7313F955-A78D-48A2-B087-8EC22E24ED8A}.Debug|x86.ActiveCfg = Debug|x86
		{7313F955-A78D-48A2-B087-8EC22E24ED8A}.Debug|x86.Build.0 = Debug|x86
		{7313F955-A78D-48A2-B087-8EC22E24ED8A}.Debug|Xbox 360.ActiveCfg = Debug|x86
		{7313F955-A78D-48A2-B087-8EC22E24ED8A}.Profile|Any CPU.ActiveCfg = Release|x86
		{7313F955-A78D-48A2-B087-8EC22E24ED8A}.Profile|Mixed Platforms.ActiveCfg = Release|x86
		{7313F955-A78D-48A2-B087-8EC22E24ED8A}.Profile|Mixed Platforms.Build.0 = Release|x86
		{7313F955-A78D-48A2-B087-8EC22E24ED8A}.Profile|x86.ActiveCfg = Release|x86
		{7313F955-A78D-48A2-B087-8EC22E24ED8A}.Profile|x86.Build.0 = Release|x86
		{7313F955-A78D-48A2-B087-8EC22E24ED8A}.Profile|Xbox 360.ActiveCfg = Release|x86
		{7313F955-A78D-48A2-B087-8EC22E24ED8A}.Release|Any CPU.ActiveCfg = Release|Any CPU
		{7313F955-A78D-48A2-B087-8EC22E24ED8A}.Release|Any CPU.Build.0 = Release|Any CPU
		{7313F955-A78D-48A2-B087-8EC22E24ED8A}.Release|Mixed Platforms.ActiveCfg = Release|x86
		{7313F955-A78D-48A2-B087-8EC22E24ED8A}.Release|Mixed Platforms.Build.0 = Release|x86
		{7313F955-A78D-48A2-B087-8EC22E24ED8A}.Release|x86.ActiveCfg = Release|x86
		{7313F955-A78D-48A2-B087-8EC22E24ED8A}.Release|x86.Build.0 = Release|x86
		{7313F955-A78D-48A2-B087-8EC22E24ED8A}.Release|Xbox 360.ActiveCfg = Release|x86
		{B2AC0C73-29FE-4184-97E7-929A98769248}.Debug|Any CPU.ActiveCfg = Debug|x86
		{B2AC0C73-29FE-4184-97E7-929A98769248}.Debug|Any CPU.Build.0 = Debug|x86
		{B2AC0C73-29FE-4184-97E7-929A98769248}.Debug|Mixed Platforms.ActiveCfg = Debug|x86
		{B2AC0C73-29FE-4184-97E7-929A98769248}.Debug|Mixed Platforms.Build.0 = Debug|x86
		{B2AC0C73-29FE-4184-97E7-929A98769248}.Debug|x86.ActiveCfg = Debug|x86
		{B2AC0C73-29FE-4184-97E7-929A98769248}.Debug|x86.Build.0 = Debug|x86
		{B2AC0C73-29FE-4184-97E7-929A98769248}.Debug|Xbox 360.ActiveCfg = Debug|x86
		{B2AC0C73-29FE-4184-97E7-929A98769248}.Profile|Any CPU.ActiveCfg = Release|x86
		{B2AC0C73-29FE-4184-97E7-929A98769248}.Profile|Mixed Platforms.ActiveCfg = Release|x86
		{B2AC0C73-29FE-4184-97E7-929A98769248}.Profile|Mixed Platforms.Build.0 = Release|x86
		{B2AC0C73-29FE-4184-97E7-929A98769248}.Profile|x86.ActiveCfg = Release|x86
		{B2AC0C73-29FE-4184-97E7-929A98769248}.Profile|x86.Build.0 = Release|x86
		{B2AC0C73-29FE-4184-97E7-929A98769248}.Profile|Xbox 360.ActiveCfg = Release|x86
		{B2AC0C73-29FE-4184-97E7-929A98769248}.Release|Any CPU.ActiveCfg = Release|Any CPU
		{B2AC0C73-29FE-4184-97E7-929A98769248}.Release|Any CPU.Build.0 = Release|Any CPU
		{B2AC0C73-29FE-4184-97E7-929A98769248}.Release|Mixed Platforms.ActiveCfg = Release|x86
		{B2AC0C73-29FE-4184-97E7-929A98769248}.Release|Mixed Platforms.Build.0 = Release|x86
		{B2AC0C73-29FE-4184-97E7-929A98769248}.Release|x86.ActiveCfg = Release|x86
		{B2AC0C73-29FE-4184-97E7-929A98769248}.Release|x86.Build.0 = Release|x86
		{B2AC0C73-29FE-4184-97E7-929A98769248}.Release|Xbox 360.ActiveCfg = Release|x86
		{7A762FC3-FBD4-48D9-894E-D2279A6D33FA}.Debug|Any CPU.ActiveCfg = Debug|x86
		{7A762FC3-FBD4-48D9-894E-D2279A6D33FA}.Debug|Any CPU.Build.0 = Debug|x86
		{7A762FC3-FBD4-48D9-894E-D2279A6D33FA}.Debug|Mixed Platforms.ActiveCfg = Debug|x86
		{7A762FC3-FBD4-48D9-894E-D2279A6D33FA}.Debug|Mixed Platforms.Build.0 = Debug|x86
		{7A762FC3-FBD4-48D9-894E-D2279A6D33FA}.Debug|x86.ActiveCfg = Debug|x86
		{7A762FC3-FBD4-48D9-894E-D2279A6D33FA}.Debug|x86.Build.0 = Debug|x86
		{7A762FC3-FBD4-48D9-894E-D2279A6D33FA}.Debug|Xbox 360.ActiveCfg = Debug|x86
		{7A762FC3-FBD4-48D9-894E-D2279A6D33FA}.Profile|Any CPU.ActiveCfg = Release|x86
		{7A762FC3-FBD4-48D9-894E-D2279A6D33FA}.Profile|Mixed Platforms.ActiveCfg = Release|x86
		{7A762FC3-FBD4-48D9-894E-D2279A6D33FA}.Profile|Mixed Platforms.Build.0 = Release|x86
		{7A762FC3-FBD4-48D9-894E-D2279A6D33FA}.Profile|x86.ActiveCfg = Release|x86
		{7A762FC3-FBD4-48D9-894E-D2279A6D33FA}.Profile|x86.Build.0 = Release|x86
		{7A762FC3-FBD4-48D9-894E-D2279A6D33FA}.Profile|Xbox 360.ActiveCfg = Release|x86
		{7A762FC3-FBD4-48D9-894E-D2279A6D33FA}.Release|Any CPU.ActiveCfg = Release|x86
		{7A762FC3-FBD4-48D9-894E-D2279A6D33FA}.Release|Any CPU.Build.0 = Release|x86
		{7A762FC3-FBD4-48D9-894E-D2279A6D33FA}.Release|Mixed Platforms.ActiveCfg = Release|x86
		{7A762FC3-FBD4-48D9-894E-D2279A6D33FA}.Release|Mixed Platforms.Build.0 = Release|x86
		{7A762FC3-FBD4-48D9-894E-D2279A6D33FA}.Release|x86.ActiveCfg = Release|x86
		{7A762FC3-FBD4-48D9-894E-D2279A6D33FA}.Release|x86.Build.0 = Release|x86
		{7A762FC3-FBD4-48D9-894E-D2279A6D33FA}.Release|Xbox 360.ActiveCfg = Release|x86
		{78D0AD30-FFCE-4410-96C6-8063C3E41ED6}.Debug|Any CPU.ActiveCfg = Debug|x86
		{78D0AD30-FFCE-4410-96C6-8063C3E41ED6}.Debug|Any CPU.Build.0 = Debug|x86
		{78D0AD30-FFCE-4410-96C6-8063C3E41ED6}.Debug|Mixed Platforms.ActiveCfg = Debug|x86
		{78D0AD30-FFCE-4410-96C6-8063C3E41ED6}.Debug|Mixed Platforms.Build.0 = Debug|x86
		{78D0AD30-FFCE-4410-96C6-8063C3E41ED6}.Debug|x86.ActiveCfg = Debug|x86
		{78D0AD30-FFCE-4410-96C6-8063C3E41ED6}.Debug|x86.Build.0 = Debug|x86
		{78D0AD30-FFCE-4410-96C6-8063C3E41ED6}.Debug|Xbox 360.ActiveCfg = Debug|x86
		{78D0AD30-FFCE-4410-96C6-8063C3E41ED6}.Profile|Any CPU.ActiveCfg = Release|x86
		{78D0AD30-FFCE-4410-96C6-8063C3E41ED6}.Profile|Mixed Platforms.ActiveCfg = Release|x86
		{78D0AD30-FFCE-4410-96C6-8063C3E41ED6}.Profile|Mixed Platforms.Build.0 = Release|x86
		{78D0AD30-FFCE-4410-96C6-8063C3E41ED6}.Profile|x86.ActiveCfg = Release|x86
		{78D0AD30-FFCE-4410-96C6-8063C3E41ED6}.Profile|x86.Build.0 = Release|x86
		{78D0AD30-FFCE-4410-96C6-8063C3E41ED6}.Profile|Xbox 360.ActiveCfg = Release|x86
		{78D0AD30-FFCE-4410-96C6-8063C3E41ED6}.Release|Any CPU.ActiveCfg = Release|Any CPU
		{78D0AD30-FFCE-4410-96C6-8063C3E41ED6}.Release|Any CPU.Build.0 = Release|Any CPU
		{78D0AD30-FFCE-4410-96C6-8063C3E41ED6}.Release|Mixed Platforms.ActiveCfg = Release|x86
		{78D0AD30-FFCE-4410-96C6-8063C3E41ED6}.Release|Mixed Platforms.Build.0 = Release|x86
		{78D0AD30-FFCE-4410-96C6-8063C3E41ED6}.Release|x86.ActiveCfg = Release|x86
		{78D0AD30-FFCE-4410-96C6-8063C3E41ED6}.Release|x86.Build.0 = Release|x86
		{78D0AD30-FFCE-4410-96C6-8063C3E41ED6}.Release|Xbox 360.ActiveCfg = Release|x86
		{76C45E48-16F2-478F-B06C-5AD993F6B1F1}.Debug|Any CPU.ActiveCfg = Debug|x86
		{76C45E48-16F2-478F-B06C-5AD993F6B1F1}.Debug|Any CPU.Build.0 = Debug|x86
		{76C45E48-16F2-478F-B06C-5AD993F6B1F1}.Debug|Mixed Platforms.ActiveCfg = Debug|x86
		{76C45E48-16F2-478F-B06C-5AD993F6B1F1}.Debug|Mixed Platforms.Build.0 = Debug|x86
		{76C45E48-16F2-478F-B06C-5AD993F6B1F1}.Debug|x86.ActiveCfg = Debug|x86
		{76C45E48-16F2-478F-B06C-5AD993F6B1F1}.Debug|x86.Build.0 = Debug|x86
		{76C45E48-16F2-478F-B06C-5AD993F6B1F1}.Debug|Xbox 360.ActiveCfg = Debug|x86
		{76C45E48-16F2-478F-B06C-5AD993F6B1F1}.Profile|Any CPU.ActiveCfg = Release|x86
		{76C45E48-16F2-478F-B06C-5AD993F6B1F1}.Profile|Mixed Platforms.ActiveCfg = Release|x86
		{76C45E48-16F2-478F-B06C-5AD993F6B1F1}.Profile|Mixed Platforms.Build.0 = Release|x86
		{76C45E48-16F2-478F-B06C-5AD993F6B1F1}.Profile|x86.ActiveCfg = Release|x86
		{76C45E48-16F2-478F-B06C-5AD993F6B1F1}.Profile|x86.Build.0 = Release|x86
		{76C45E48-16F2-478F-B06C-5AD993F6B1F1}.Profile|Xbox 360.ActiveCfg = Release|x86
		{76C45E48-16F2-478F-B06C-5AD993F6B1F1}.Release|Any CPU.ActiveCfg = Release|Any CPU
		{76C45E48-16F2-478F-B06C-5AD993F6B1F1}.Release|Any CPU.Build.0 = Release|Any CPU
		{76C45E48-16F2-478F-B06C-5AD993F6B1F1}.Release|Mixed Platforms.ActiveCfg = Release|x86
		{76C45E48-16F2-478F-B06C-5AD993F6B1F1}.Release|Mixed Platforms.Build.0 = Release|x86
		{76C45E48-16F2-478F-B06C-5AD993F6B1F1}.Release|x86.ActiveCfg = Release|x86
		{76C45E48-16F2-478F-B06C-5AD993F6B1F1}.Release|x86.Build.0 = Release|x86
		{76C45E48-16F2-478F-B06C-5AD993F6B1F1}.Release|Xbox 360.ActiveCfg = Release|x86
		{B51BE2B8-B1A9-460A-BC38-794FAC66636C}.Debug|Any CPU.ActiveCfg = Debug|x86
		{B51BE2B8-B1A9-460A-BC38-794FAC66636C}.Debug|Any CPU.Build.0 = Debug|x86
		{B51BE2B8-B1A9-460A-BC38-794FAC66636C}.Debug|Mixed Platforms.ActiveCfg = Debug|x86
		{B51BE2B8-B1A9-460A-BC38-794FAC66636C}.Debug|Mixed Platforms.Build.0 = Debug|x86
		{B51BE2B8-B1A9-460A-BC38-794FAC66636C}.Debug|x86.ActiveCfg = Debug|x86
		{B51BE2B8-B1A9-460A-BC38-794FAC66636C}.Debug|x86.Build.0 = Debug|x86
		{B51BE2B8-B1A9-460A-BC38-794FAC66636C}.Debug|Xbox 360.ActiveCfg = Debug|x86
		{B51BE2B8-B1A9-460A-BC38-794FAC66636C}.Profile|Any CPU.ActiveCfg = Release|x86
		{B51BE2B8-B1A9-460A-BC38-794FAC66636C}.Profile|Mixed Platforms.ActiveCfg = Release|x86
		{B51BE2B8-B1A9-460A-BC38-794FAC66636C}.Profile|Mixed Platforms.Build.0 = Release|x86
		{B51BE2B8-B1A9-460A-BC38-794FAC66636C}.Profile|x86.ActiveCfg = Release|x86
		{B51BE2B8-B1A9-460A-BC38-794FAC66636C}.Profile|x86.Build.0 = Release|x86
		{B51BE2B8-B1A9-460A-BC38-794FAC66636C}.Profile|Xbox 360.ActiveCfg = Release|x86
		{B51BE2B8-B1A9-460A-BC38-794FAC66636C}.Release|Any CPU.ActiveCfg = Release|Any CPU
		{B51BE2B8-B1A9-460A-BC38-794FAC66636C}.Release|Any CPU.Build.0 = Release|Any CPU
		{B51BE2B8-B1A9-460A-BC38-794FAC66636C}.Release|Mixed Platforms.ActiveCfg = Release|x86
		{B51BE2B8-B1A9-460A-BC38-794FAC66636C}.Release|Mixed Platforms.Build.0 = Release|x86
		{B51BE2B8-B1A9-460A-BC38-794FAC66636C}.Release|x86.ActiveCfg = Release|x86
		{B51BE2B8-B1A9-460A-BC38-794FAC66636C}.Release|x86.Build.0 = Release|x86
		{B51BE2B8-B1A9-460A-BC38-794FAC66636C}.Release|Xbox 360.ActiveCfg = Release|x86
		{5C385F68-DAEB-4BF2-9472-D5D69B6B2373}.Debug|Any CPU.ActiveCfg = Debug|x86
		{5C385F68-DAEB-4BF2-9472-D5D69B6B2373}.Debug|Any CPU.Build.0 = Debug|x86
		{5C385F68-DAEB-4BF2-9472-D5D69B6B2373}.Debug|Mixed Platforms.ActiveCfg = Debug|x86
		{5C385F68-DAEB-4BF2-9472-D5D69B6B2373}.Debug|Mixed Platforms.Build.0 = Debug|x86
		{5C385F68-DAEB-4BF2-9472-D5D69B6B2373}.Debug|x86.ActiveCfg = Debug|x86
		{5C385F68-DAEB-4BF2-9472-D5D69B6B2373}.Debug|x86.Build.0 = Debug|x86
		{5C385F68-DAEB-4BF2-9472-D5D69B6B2373}.Debug|Xbox 360.ActiveCfg = Debug|x86
		{5C385F68-DAEB-4BF2-9472-D5D69B6B2373}.Profile|Any CPU.ActiveCfg = Release|x86
		{5C385F68-DAEB-4BF2-9472-D5D69B6B2373}.Profile|Mixed Platforms.ActiveCfg = Release|x86
		{5C385F68-DAEB-4BF2-9472-D5D69B6B2373}.Profile|Mixed Platforms.Build.0 = Release|x86
		{5C385F68-DAEB-4BF2-9472-D5D69B6B2373}.Profile|x86.ActiveCfg = Release|x86
		{5C385F68-DAEB-4BF2-9472-D5D69B6B2373}.Profile|x86.Build.0 = Release|x86
		{5C385F68-DAEB-4BF2-9472-D5D69B6B2373}.Profile|Xbox 360.ActiveCfg = Release|x86
		{5C385F68-DAEB-4BF2-9472-D5D69B6B2373}.Release|Any CPU.ActiveCfg = Release|Any CPU
		{5C385F68-DAEB-4BF2-9472-D5D69B6B2373}.Release|Any CPU.Build.0 = Release|Any CPU
		{5C385F68-DAEB-4BF2-9472-D5D69B6B2373}.Release|Mixed Platforms.ActiveCfg = Release|x86
		{5C385F68-DAEB-4BF2-9472-D5D69B6B2373}.Release|Mixed Platforms.Build.0 = Release|x86
		{5C385F68-DAEB-4BF2-9472-D5D69B6B2373}.Release|x86.ActiveCfg = Release|x86
		{5C385F68-DAEB-4BF2-9472-D5D69B6B2373}.Release|x86.Build.0 = Release|x86
		{5C385F68-DAEB-4BF2-9472-D5D69B6B2373}.Release|Xbox 360.ActiveCfg = Release|x86
		{772C6932-6CAF-48A0-88ED-C2BF5E9153F2}.Debug|Any CPU.ActiveCfg = Debug|x86
		{772C6932-6CAF-48A0-88ED-C2BF5E9153F2}.Debug|Any CPU.Build.0 = Debug|x86
		{772C6932-6CAF-48A0-88ED-C2BF5E9153F2}.Debug|Mixed Platforms.ActiveCfg = Debug|x86
		{772C6932-6CAF-48A0-88ED-C2BF5E9153F2}.Debug|Mixed Platforms.Build.0 = Debug|x86
		{772C6932-6CAF-48A0-88ED-C2BF5E9153F2}.Debug|x86.ActiveCfg = Debug|x86
		{772C6932-6CAF-48A0-88ED-C2BF5E9153F2}.Debug|x86.Build.0 = Debug|x86
		{772C6932-6CAF-48A0-88ED-C2BF5E9153F2}.Debug|Xbox 360.ActiveCfg = Debug|x86
		{772C6932-6CAF-48A0-88ED-C2BF5E9153F2}.Profile|Any CPU.ActiveCfg = Release|x86
		{772C6932-6CAF-48A0-88ED-C2BF5E9153F2}.Profile|Mixed Platforms.ActiveCfg = Release|x86
		{772C6932-6CAF-48A0-88ED-C2BF5E9153F2}.Profile|Mixed Platforms.Build.0 = Release|x86
		{772C6932-6CAF-48A0-88ED-C2BF5E9153F2}.Profile|x86.ActiveCfg = Release|x86
		{772C6932-6CAF-48A0-88ED-C2BF5E9153F2}.Profile|x86.Build.0 = Release|x86
		{772C6932-6CAF-48A0-88ED-C2BF5E9153F2}.Profile|Xbox 360.ActiveCfg = Release|x86
		{772C6932-6CAF-48A0-88ED-C2BF5E9153F2}.Release|Any CPU.ActiveCfg = Release|Any CPU
		{772C6932-6CAF-48A0-88ED-C2BF5E9153F2}.Release|Any CPU.Build.0 = Release|Any CPU
		{772C6932-6CAF-48A0-88ED-C2BF5E9153F2}.Release|Mixed Platforms.ActiveCfg = Release|x86
		{772C6932-6CAF-48A0-88ED-C2BF5E9153F2}.Release|Mixed Platforms.Build.0 = Release|x86
		{772C6932-6CAF-48A0-88ED-C2BF5E9153F2}.Release|x86.ActiveCfg = Release|x86
		{772C6932-6CAF-48A0-88ED-C2BF5E9153F2}.Release|x86.Build.0 = Release|x86
		{772C6932-6CAF-48A0-88ED-C2BF5E9153F2}.Release|Xbox 360.ActiveCfg = Release|x86
		{5B6B51B8-59FF-431F-ADFD-E36F881CED26}.Debug|Any CPU.ActiveCfg = Debug|x86
		{5B6B51B8-59FF-431F-ADFD-E36F881CED26}.Debug|Any CPU.Build.0 = Debug|x86
		{5B6B51B8-59FF-431F-ADFD-E36F881CED26}.Debug|Mixed Platforms.ActiveCfg = Debug|x86
		{5B6B51B8-59FF-431F-ADFD-E36F881CED26}.Debug|Mixed Platforms.Build.0 = Debug|x86
		{5B6B51B8-59FF-431F-ADFD-E36F881CED26}.Debug|x86.ActiveCfg = Debug|x86
		{5B6B51B8-59FF-431F-ADFD-E36F881CED26}.Debug|x86.Build.0 = Debug|x86
		{5B6B51B8-59FF-431F-ADFD-E36F881CED26}.Debug|Xbox 360.ActiveCfg = Debug|x86
		{5B6B51B8-59FF-431F-ADFD-E36F881CED26}.Profile|Any CPU.ActiveCfg = Release|x86
		{5B6B51B8-59FF-431F-ADFD-E36F881CED26}.Profile|Mixed Platforms.ActiveCfg = Release|x86
		{5B6B51B8-59FF-431F-ADFD-E36F881CED26}.Profile|Mixed Platforms.Build.0 = Release|x86
		{5B6B51B8-59FF-431F-ADFD-E36F881CED26}.Profile|x86.ActiveCfg = Release|x86
		{5B6B51B8-59FF-431F-ADFD-E36F881CED26}.Profile|x86.Build.0 = Release|x86
		{5B6B51B8-59FF-431F-ADFD-E36F881CED26}.Profile|Xbox 360.ActiveCfg = Release|x86
		{5B6B51B8-59FF-431F-ADFD-E36F881CED26}.Release|Any CPU.ActiveCfg = Release|Any CPU
		{5B6B51B8-59FF-431F-ADFD-E36F881CED26}.Release|Any CPU.Build.0 = Release|Any CPU
		{5B6B51B8-59FF-431F-ADFD-E36F881CED26}.Release|Mixed Platforms.ActiveCfg = Release|x86
		{5B6B51B8-59FF-431F-ADFD-E36F881CED26}.Release|Mixed Platforms.Build.0 = Release|x86
		{5B6B51B8-59FF-431F-ADFD-E36F881CED26}.Release|x86.ActiveCfg = Release|x86
		{5B6B51B8-59FF-431F-ADFD-E36F881CED26}.Release|x86.Build.0 = Release|x86
		{5B6B51B8-59FF-431F-ADFD-E36F881CED26}.Release|Xbox 360.ActiveCfg = Release|x86
		{3FE6ED98-7D1B-4954-B560-BF2FA922C1CB}.Debug|Any CPU.ActiveCfg = Debug|x86
		{3FE6ED98-7D1B-4954-B560-BF2FA922C1CB}.Debug|Any CPU.Build.0 = Debug|x86
		{3FE6ED98-7D1B-4954-B560-BF2FA922C1CB}.Debug|Mixed Platforms.ActiveCfg = Debug|x86
		{3FE6ED98-7D1B-4954-B560-BF2FA922C1CB}.Debug|Mixed Platforms.Build.0 = Debug|x86
		{3FE6ED98-7D1B-4954-B560-BF2FA922C1CB}.Debug|x86.ActiveCfg = Debug|x86
		{3FE6ED98-7D1B-4954-B560-BF2FA922C1CB}.Debug|x86.Build.0 = Debug|x86
		{3FE6ED98-7D1B-4954-B560-BF2FA922C1CB}.Debug|Xbox 360.ActiveCfg = Debug|x86
		{3FE6ED98-7D1B-4954-B560-BF2FA922C1CB}.Profile|Any CPU.ActiveCfg = Release|x86
		{3FE6ED98-7D1B-4954-B560-BF2FA922C1CB}.Profile|Mixed Platforms.ActiveCfg = Release|x86
		{3FE6ED98-7D1B-4954-B560-BF2FA922C1CB}.Profile|Mixed Platforms.Build.0 = Release|x86
		{3FE6ED98-7D1B-4954-B560-BF2FA922C1CB}.Profile|x86.ActiveCfg = Release|x86
		{3FE6ED98-7D1B-4954-B560-BF2FA922C1CB}.Profile|x86.Build.0 = Release|x86
		{3FE6ED98-7D1B-4954-B560-BF2FA922C1CB}.Profile|Xbox 360.ActiveCfg = Release|x86
		{3FE6ED98-7D1B-4954-B560-BF2FA922C1CB}.Release|Any CPU.ActiveCfg = Release|Any CPU
		{3FE6ED98-7D1B-4954-B560-BF2FA922C1CB}.Release|Any CPU.Build.0 = Release|Any CPU
		{3FE6ED98-7D1B-4954-B560-BF2FA922C1CB}.Release|Mixed Platforms.ActiveCfg = Release|x86
		{3FE6ED98-7D1B-4954-B560-BF2FA922C1CB}.Release|Mixed Platforms.Build.0 = Release|x86
		{3FE6ED98-7D1B-4954-B560-BF2FA922C1CB}.Release|x86.ActiveCfg = Release|x86
		{3FE6ED98-7D1B-4954-B560-BF2FA922C1CB}.Release|x86.Build.0 = Release|x86
		{3FE6ED98-7D1B-4954-B560-BF2FA922C1CB}.Release|Xbox 360.ActiveCfg = Release|x86
		{D33249A8-9956-46A0-BC1A-42D5206C9F01}.Debug|Any CPU.ActiveCfg = Debug|x86
		{D33249A8-9956-46A0-BC1A-42D5206C9F01}.Debug|Any CPU.Build.0 = Debug|x86
		{D33249A8-9956-46A0-BC1A-42D5206C9F01}.Debug|Mixed Platforms.ActiveCfg = Debug|x86
		{D33249A8-9956-46A0-BC1A-42D5206C9F01}.Debug|Mixed Platforms.Build.0 = Debug|x86
		{D33249A8-9956-46A0-BC1A-42D5206C9F01}.Debug|x86.ActiveCfg = Debug|x86
		{D33249A8-9956-46A0-BC1A-42D5206C9F01}.Debug|x86.Build.0 = Debug|x86
		{D33249A8-9956-46A0-BC1A-42D5206C9F01}.Debug|Xbox 360.ActiveCfg = Debug|x86
		{D33249A8-9956-46A0-BC1A-42D5206C9F01}.Profile|Any CPU.ActiveCfg = Release|x86
		{D33249A8-9956-46A0-BC1A-42D5206C9F01}.Profile|Mixed Platforms.ActiveCfg = Release|x86
		{D33249A8-9956-46A0-BC1A-42D5206C9F01}.Profile|Mixed Platforms.Build.0 = Release|x86
		{D33249A8-9956-46A0-BC1A-42D5206C9F01}.Profile|x86.ActiveCfg = Release|x86
		{D33249A8-9956-46A0-BC1A-42D5206C9F01}.Profile|x86.Build.0 = Release|x86
		{D33249A8-9956-46A0-BC1A-42D5206C9F01}.Profile|Xbox 360.ActiveCfg = Release|x86
		{D33249A8-9956-46A0-BC1A-42D5206C9F01}.Release|Any CPU.ActiveCfg = Release|Any CPU
		{D33249A8-9956-46A0-BC1A-42D5206C9F01}.Release|Any CPU.Build.0 = Release|Any CPU
		{D33249A8-9956-46A0-BC1A-42D5206C9F01}.Release|Mixed Platforms.ActiveCfg = Release|x86
		{D33249A8-9956-46A0-BC1A-42D5206C9F01}.Release|Mixed Platforms.Build.0 = Release|x86
		{D33249A8-9956-46A0-BC1A-42D5206C9F01}.Release|x86.ActiveCfg = Release|x86
		{D33249A8-9956-46A0-BC1A-42D5206C9F01}.Release|x86.Build.0 = Release|x86
		{D33249A8-9956-46A0-BC1A-42D5206C9F01}.Release|Xbox 360.ActiveCfg = Release|x86
		{E35B4F33-9ECB-448B-8D6F-EA1CC4FC87B9}.Debug|Any CPU.ActiveCfg = Debug|x86
		{E35B4F33-9ECB-448B-8D6F-EA1CC4FC87B9}.Debug|Any CPU.Build.0 = Debug|x86
		{E35B4F33-9ECB-448B-8D6F-EA1CC4FC87B9}.Debug|Mixed Platforms.ActiveCfg = Debug|x86
		{E35B4F33-9ECB-448B-8D6F-EA1CC4FC87B9}.Debug|Mixed Platforms.Build.0 = Debug|x86
		{E35B4F33-9ECB-448B-8D6F-EA1CC4FC87B9}.Debug|x86.ActiveCfg = Debug|x86
		{E35B4F33-9ECB-448B-8D6F-EA1CC4FC87B9}.Debug|x86.Build.0 = Debug|x86
		{E35B4F33-9ECB-448B-8D6F-EA1CC4FC87B9}.Debug|Xbox 360.ActiveCfg = Debug|x86
		{E35B4F33-9ECB-448B-8D6F-EA1CC4FC87B9}.Profile|Any CPU.ActiveCfg = Release|x86
		{E35B4F33-9ECB-448B-8D6F-EA1CC4FC87B9}.Profile|Mixed Platforms.ActiveCfg = Release|x86
		{E35B4F33-9ECB-448B-8D6F-EA1CC4FC87B9}.Profile|Mixed Platforms.Build.0 = Release|x86
		{E35B4F33-9ECB-448B-8D6F-EA1CC4FC87B9}.Profile|x86.ActiveCfg = Release|x86
		{E35B4F33-9ECB-448B-8D6F-EA1CC4FC87B9}.Profile|x86.Build.0 = Release|x86
		{E35B4F33-9ECB-448B-8D6F-EA1CC4FC87B9}.Profile|Xbox 360.ActiveCfg = Release|x86
		{E35B4F33-9ECB-448B-8D6F-EA1CC4FC87B9}.Release|Any CPU.ActiveCfg = Release|x86
		{E35B4F33-9ECB-448B-8D6F-EA1CC4FC87B9}.Release|Any CPU.Build.0 = Release|x86
		{E35B4F33-9ECB-448B-8D6F-EA1CC4FC87B9}.Release|Mixed Platforms.ActiveCfg = Release|x86
		{E35B4F33-9ECB-448B-8D6F-EA1CC4FC87B9}.Release|Mixed Platforms.Build.0 = Release|x86
		{E35B4F33-9ECB-448B-8D6F-EA1CC4FC87B9}.Release|x86.ActiveCfg = Release|x86
		{E35B4F33-9ECB-448B-8D6F-EA1CC4FC87B9}.Release|x86.Build.0 = Release|x86
		{E35B4F33-9ECB-448B-8D6F-EA1CC4FC87B9}.Release|Xbox 360.ActiveCfg = Release|x86
		{8BA4AE1D-2AF1-4DF9-A511-170C33469ADE}.Debug|Any CPU.ActiveCfg = Debug|x86
		{8BA4AE1D-2AF1-4DF9-A511-170C33469ADE}.Debug|Any CPU.Build.0 = Debug|x86
		{8BA4AE1D-2AF1-4DF9-A511-170C33469ADE}.Debug|Mixed Platforms.ActiveCfg = Debug|x86
		{8BA4AE1D-2AF1-4DF9-A511-170C33469ADE}.Debug|Mixed Platforms.Build.0 = Debug|x86
		{8BA4AE1D-2AF1-4DF9-A511-170C33469ADE}.Debug|x86.ActiveCfg = Debug|x86
		{8BA4AE1D-2AF1-4DF9-A511-170C33469ADE}.Debug|x86.Build.0 = Debug|x86
		{8BA4AE1D-2AF1-4DF9-A511-170C33469ADE}.Debug|Xbox 360.ActiveCfg = Debug|x86
		{8BA4AE1D-2AF1-4DF9-A511-170C33469ADE}.Profile|Any CPU.ActiveCfg = Release|x86
		{8BA4AE1D-2AF1-4DF9-A511-170C33469ADE}.Profile|Mixed Platforms.ActiveCfg = Release|x86
		{8BA4AE1D-2AF1-4DF9-A511-170C33469ADE}.Profile|Mixed Platforms.Build.0 = Release|x86
		{8BA4AE1D-2AF1-4DF9-A511-170C33469ADE}.Profile|x86.ActiveCfg = Release|x86
		{8BA4AE1D-2AF1-4DF9-A511-170C33469ADE}.Profile|x86.Build.0 = Release|x86
		{8BA4AE1D-2AF1-4DF9-A511-170C33469ADE}.Profile|Xbox 360.ActiveCfg = Release|x86
		{8BA4AE1D-2AF1-4DF9-A511-170C33469ADE}.Release|Any CPU.ActiveCfg = Release|Any CPU
		{8BA4AE1D-2AF1-4DF9-A511-170C33469ADE}.Release|Any CPU.Build.0 = Release|Any CPU
		{8BA4AE1D-2AF1-4DF9-A511-170C33469ADE}.Release|Mixed Platforms.ActiveCfg = Release|x86
		{8BA4AE1D-2AF1-4DF9-A511-170C33469ADE}.Release|Mixed Platforms.Build.0 = Release|x86
		{8BA4AE1D-2AF1-4DF9-A511-170C33469ADE}.Release|x86.ActiveCfg = Release|x86
		{8BA4AE1D-2AF1-4DF9-A511-170C33469ADE}.Release|x86.Build.0 = Release|x86
		{8BA4AE1D-2AF1-4DF9-A511-170C33469ADE}.Release|Xbox 360.ActiveCfg = Release|x86
		{ED74E2EA-99BA-4D4F-93FC-64F562C80054}.Debug|Any CPU.ActiveCfg = Debug|x86
		{ED74E2EA-99BA-4D4F-93FC-64F562C80054}.Debug|Any CPU.Build.0 = Debug|x86
		{ED74E2EA-99BA-4D4F-93FC-64F562C80054}.Debug|Mixed Platforms.ActiveCfg = Debug|x86
		{ED74E2EA-99BA-4D4F-93FC-64F562C80054}.Debug|Mixed Platforms.Build.0 = Debug|x86
		{ED74E2EA-99BA-4D4F-93FC-64F562C80054}.Debug|x86.ActiveCfg = Debug|x86
		{ED74E2EA-99BA-4D4F-93FC-64F562C80054}.Debug|x86.Build.0 = Debug|x86
		{ED74E2EA-99BA-4D4F-93FC-64F562C80054}.Debug|Xbox 360.ActiveCfg = Debug|x86
		{ED74E2EA-99BA-4D4F-93FC-64F562C80054}.Profile|Any CPU.ActiveCfg = Release|x86
		{ED74E2EA-99BA-4D4F-93FC-64F562C80054}.Profile|Mixed Platforms.ActiveCfg = Release|x86
		{ED74E2EA-99BA-4D4F-93FC-64F562C80054}.Profile|Mixed Platforms.Build.0 = Release|x86
		{ED74E2EA-99BA-4D4F-93FC-64F562C80054}.Profile|x86.ActiveCfg = Release|x86
		{ED74E2EA-99BA-4D4F-93FC-64F562C80054}.Profile|x86.Build.0 = Release|x86
		{ED74E2EA-99BA-4D4F-93FC-64F562C80054}.Profile|Xbox 360.ActiveCfg = Release|x86
		{ED74E2EA-99BA-4D4F-93FC-64F562C80054}.Release|Any CPU.ActiveCfg = Release|Any CPU
		{ED74E2EA-99BA-4D4F-93FC-64F562C80054}.Release|Any CPU.Build.0 = Release|Any CPU
		{ED74E2EA-99BA-4D4F-93FC-64F562C80054}.Release|Mixed Platforms.ActiveCfg = Release|x86
		{ED74E2EA-99BA-4D4F-93FC-64F562C80054}.Release|Mixed Platforms.Build.0 = Release|x86
		{ED74E2EA-99BA-4D4F-93FC-64F562C80054}.Release|x86.ActiveCfg = Release|x86
		{ED74E2EA-99BA-4D4F-93FC-64F562C80054}.Release|x86.Build.0 = Release|x86
		{ED74E2EA-99BA-4D4F-93FC-64F562C80054}.Release|Xbox 360.ActiveCfg = Release|x86
		{329A220A-93D3-40C2-A46B-51C55D4FA16A}.Debug|Any CPU.ActiveCfg = Debug|x86
		{329A220A-93D3-40C2-A46B-51C55D4FA16A}.Debug|Any CPU.Build.0 = Debug|x86
		{329A220A-93D3-40C2-A46B-51C55D4FA16A}.Debug|Mixed Platforms.ActiveCfg = Debug|x86
		{329A220A-93D3-40C2-A46B-51C55D4FA16A}.Debug|Mixed Platforms.Build.0 = Debug|x86
		{329A220A-93D3-40C2-A46B-51C55D4FA16A}.Debug|x86.ActiveCfg = Debug|x86
		{329A220A-93D3-40C2-A46B-51C55D4FA16A}.Debug|x86.Build.0 = Debug|x86
		{329A220A-93D3-40C2-A46B-51C55D4FA16A}.Debug|Xbox 360.ActiveCfg = Debug|x86
		{329A220A-93D3-40C2-A46B-51C55D4FA16A}.Profile|Any CPU.ActiveCfg = Release|x86
		{329A220A-93D3-40C2-A46B-51C55D4FA16A}.Profile|Mixed Platforms.ActiveCfg = Release|x86
		{329A220A-93D3-40C2-A46B-51C55D4FA16A}.Profile|Mixed Platforms.Build.0 = Release|x86
		{329A220A-93D3-40C2-A46B-51C55D4FA16A}.Profile|x86.ActiveCfg = Release|x86
		{329A220A-93D3-40C2-A46B-51C55D4FA16A}.Profile|x86.Build.0 = Release|x86
		{329A220A-93D3-40C2-A46B-51C55D4FA16A}.Profile|Xbox 360.ActiveCfg = Release|x86
		{329A220A-93D3-40C2-A46B-51C55D4FA16A}.Release|Any CPU.ActiveCfg = Release|Any CPU
		{329A220A-93D3-40C2-A46B-51C55D4FA16A}.Release|Any CPU.Build.0 = Release|Any CPU
		{329A220A-93D3-40C2-A46B-51C55D4FA16A}.Release|Mixed Platforms.ActiveCfg = Release|x86
		{329A220A-93D3-40C2-A46B-51C55D4FA16A}.Release|Mixed Platforms.Build.0 = Release|x86
		{329A220A-93D3-40C2-A46B-51C55D4FA16A}.Release|x86.ActiveCfg = Release|x86
		{329A220A-93D3-40C2-A46B-51C55D4FA16A}.Release|x86.Build.0 = Release|x86
		{329A220A-93D3-40C2-A46B-51C55D4FA16A}.Release|Xbox 360.ActiveCfg = Release|x86
		{DA62F910-7F9B-4E95-96C2-EB0CAD308BA9}.Debug|Any CPU.ActiveCfg = Debug|x86
		{DA62F910-7F9B-4E95-96C2-EB0CAD308BA9}.Debug|Any CPU.Build.0 = Debug|x86
		{DA62F910-7F9B-4E95-96C2-EB0CAD308BA9}.Debug|Mixed Platforms.ActiveCfg = Debug|x86
		{DA62F910-7F9B-4E95-96C2-EB0CAD308BA9}.Debug|Mixed Platforms.Build.0 = Debug|x86
		{DA62F910-7F9B-4E95-96C2-EB0CAD308BA9}.Debug|x86.ActiveCfg = Debug|x86
		{DA62F910-7F9B-4E95-96C2-EB0CAD308BA9}.Debug|x86.Build.0 = Debug|x86
		{DA62F910-7F9B-4E95-96C2-EB0CAD308BA9}.Debug|Xbox 360.ActiveCfg = Debug|x86
		{DA62F910-7F9B-4E95-96C2-EB0CAD308BA9}.Profile|Any CPU.ActiveCfg = Release|x86
		{DA62F910-7F9B-4E95-96C2-EB0CAD308BA9}.Profile|Mixed Platforms.ActiveCfg = Release|x86
		{DA62F910-7F9B-4E95-96C2-EB0CAD308BA9}.Profile|Mixed Platforms.Build.0 = Release|x86
		{DA62F910-7F9B-4E95-96C2-EB0CAD308BA9}.Profile|x86.ActiveCfg = Release|x86
		{DA62F910-7F9B-4E95-96C2-EB0CAD308BA9}.Profile|x86.Build.0 = Release|x86
		{DA62F910-7F9B-4E95-96C2-EB0CAD308BA9}.Profile|Xbox 360.ActiveCfg = Release|x86
		{DA62F910-7F9B-4E95-96C2-EB0CAD308BA9}.Release|Any CPU.ActiveCfg = Release|Any CPU
		{DA62F910-7F9B-4E95-96C2-EB0CAD308BA9}.Release|Any CPU.Build.0 = Release|Any CPU
		{DA62F910-7F9B-4E95-96C2-EB0CAD308BA9}.Release|Mixed Platforms.ActiveCfg = Release|x86
		{DA62F910-7F9B-4E95-96C2-EB0CAD308BA9}.Release|Mixed Platforms.Build.0 = Release|x86
		{DA62F910-7F9B-4E95-96C2-EB0CAD308BA9}.Release|x86.ActiveCfg = Release|x86
		{DA62F910-7F9B-4E95-96C2-EB0CAD308BA9}.Release|x86.Build.0 = Release|x86
		{DA62F910-7F9B-4E95-96C2-EB0CAD308BA9}.Release|Xbox 360.ActiveCfg = Release|x86
		{EE6959A2-B5BD-4817-8D05-6A01AE107E31}.Debug|Any CPU.ActiveCfg = Debug|x86
		{EE6959A2-B5BD-4817-8D05-6A01AE107E31}.Debug|Any CPU.Build.0 = Debug|x86
		{EE6959A2-B5BD-4817-8D05-6A01AE107E31}.Debug|Mixed Platforms.ActiveCfg = Debug|x86
		{EE6959A2-B5BD-4817-8D05-6A01AE107E31}.Debug|Mixed Platforms.Build.0 = Debug|x86
		{EE6959A2-B5BD-4817-8D05-6A01AE107E31}.Debug|x86.ActiveCfg = Debug|x86
		{EE6959A2-B5BD-4817-8D05-6A01AE107E31}.Debug|x86.Build.0 = Debug|x86
		{EE6959A2-B5BD-4817-8D05-6A01AE107E31}.Debug|Xbox 360.ActiveCfg = Debug|x86
		{EE6959A2-B5BD-4817-8D05-6A01AE107E31}.Profile|Any CPU.ActiveCfg = Release|x86
		{EE6959A2-B5BD-4817-8D05-6A01AE107E31}.Profile|Mixed Platforms.ActiveCfg = Release|x86
		{EE6959A2-B5BD-4817-8D05-6A01AE107E31}.Profile|Mixed Platforms.Build.0 = Release|x86
		{EE6959A2-B5BD-4817-8D05-6A01AE107E31}.Profile|x86.ActiveCfg = Release|x86
		{EE6959A2-B5BD-4817-8D05-6A01AE107E31}.Profile|x86.Build.0 = Release|x86
		{EE6959A2-B5BD-4817-8D05-6A01AE107E31}.Profile|Xbox 360.ActiveCfg = Release|x86
		{EE6959A2-B5BD-4817-8D05-6A01AE107E31}.Release|Any CPU.ActiveCfg = Release|Any CPU
		{EE6959A2-B5BD-4817-8D05-6A01AE107E31}.Release|Any CPU.Build.0 = Release|Any CPU
		{EE6959A2-B5BD-4817-8D05-6A01AE107E31}.Release|Mixed Platforms.ActiveCfg = Release|x86
		{EE6959A2-B5BD-4817-8D05-6A01AE107E31}.Release|Mixed Platforms.Build.0 = Release|x86
		{EE6959A2-B5BD-4817-8D05-6A01AE107E31}.Release|x86.ActiveCfg = Release|Any CPU
		{EE6959A2-B5BD-4817-8D05-6A01AE107E31}.Release|Xbox 360.ActiveCfg = Release|x86
		{34DA9060-1DC8-4AE8-B9EC-564CF90E7B6D}.Debug|Any CPU.ActiveCfg = Debug|x86
		{34DA9060-1DC8-4AE8-B9EC-564CF90E7B6D}.Debug|Any CPU.Build.0 = Debug|x86
		{34DA9060-1DC8-4AE8-B9EC-564CF90E7B6D}.Debug|Mixed Platforms.ActiveCfg = Debug|x86
		{34DA9060-1DC8-4AE8-B9EC-564CF90E7B6D}.Debug|Mixed Platforms.Build.0 = Debug|x86
		{34DA9060-1DC8-4AE8-B9EC-564CF90E7B6D}.Debug|x86.ActiveCfg = Debug|x86
		{34DA9060-1DC8-4AE8-B9EC-564CF90E7B6D}.Debug|x86.Build.0 = Debug|x86
		{34DA9060-1DC8-4AE8-B9EC-564CF90E7B6D}.Debug|Xbox 360.ActiveCfg = Debug|x86
		{34DA9060-1DC8-4AE8-B9EC-564CF90E7B6D}.Profile|Any CPU.ActiveCfg = Release|x86
		{34DA9060-1DC8-4AE8-B9EC-564CF90E7B6D}.Profile|Mixed Platforms.ActiveCfg = Release|x86
		{34DA9060-1DC8-4AE8-B9EC-564CF90E7B6D}.Profile|Mixed Platforms.Build.0 = Release|x86
		{34DA9060-1DC8-4AE8-B9EC-564CF90E7B6D}.Profile|x86.ActiveCfg = Release|x86
		{34DA9060-1DC8-4AE8-B9EC-564CF90E7B6D}.Profile|x86.Build.0 = Release|x86
		{34DA9060-1DC8-4AE8-B9EC-564CF90E7B6D}.Profile|Xbox 360.ActiveCfg = Release|x86
		{34DA9060-1DC8-4AE8-B9EC-564CF90E7B6D}.Release|Any CPU.ActiveCfg = Release|Any CPU
		{34DA9060-1DC8-4AE8-B9EC-564CF90E7B6D}.Release|Any CPU.Build.0 = Release|Any CPU
		{34DA9060-1DC8-4AE8-B9EC-564CF90E7B6D}.Release|Mixed Platforms.ActiveCfg = Release|x86
		{34DA9060-1DC8-4AE8-B9EC-564CF90E7B6D}.Release|Mixed Platforms.Build.0 = Release|x86
		{34DA9060-1DC8-4AE8-B9EC-564CF90E7B6D}.Release|x86.ActiveCfg = Release|Any CPU
		{34DA9060-1DC8-4AE8-B9EC-564CF90E7B6D}.Release|Xbox 360.ActiveCfg = Release|x86
		{E7C8665B-101F-4930-97B7-68FC2C236971}.Debug|Any CPU.ActiveCfg = Debug|x86
		{E7C8665B-101F-4930-97B7-68FC2C236971}.Debug|Any CPU.Build.0 = Debug|x86
		{E7C8665B-101F-4930-97B7-68FC2C236971}.Debug|Mixed Platforms.ActiveCfg = Debug|x86
		{E7C8665B-101F-4930-97B7-68FC2C236971}.Debug|Mixed Platforms.Build.0 = Debug|x86
		{E7C8665B-101F-4930-97B7-68FC2C236971}.Debug|x86.ActiveCfg = Debug|x86
		{E7C8665B-101F-4930-97B7-68FC2C236971}.Debug|x86.Build.0 = Debug|x86
		{E7C8665B-101F-4930-97B7-68FC2C236971}.Debug|Xbox 360.ActiveCfg = Debug|x86
		{E7C8665B-101F-4930-97B7-68FC2C236971}.Profile|Any CPU.ActiveCfg = Release|x86
		{E7C8665B-101F-4930-97B7-68FC2C236971}.Profile|Mixed Platforms.ActiveCfg = Release|x86
		{E7C8665B-101F-4930-97B7-68FC2C236971}.Profile|Mixed Platforms.Build.0 = Release|x86
		{E7C8665B-101F-4930-97B7-68FC2C236971}.Profile|x86.ActiveCfg = Release|x86
		{E7C8665B-101F-4930-97B7-68FC2C236971}.Profile|x86.Build.0 = Release|x86
		{E7C8665B-101F-4930-97B7-68FC2C236971}.Profile|Xbox 360.ActiveCfg = Release|x86
		{E7C8665B-101F-4930-97B7-68FC2C236971}.Release|Any CPU.ActiveCfg = Release|Any CPU
		{E7C8665B-101F-4930-97B7-68FC2C236971}.Release|Any CPU.Build.0 = Release|Any CPU
		{E7C8665B-101F-4930-97B7-68FC2C236971}.Release|Mixed Platforms.ActiveCfg = Release|x86
		{E7C8665B-101F-4930-97B7-68FC2C236971}.Release|Mixed Platforms.Build.0 = Release|x86
		{E7C8665B-101F-4930-97B7-68FC2C236971}.Release|x86.ActiveCfg = Release|Any CPU
		{E7C8665B-101F-4930-97B7-68FC2C236971}.Release|Xbox 360.ActiveCfg = Release|x86
		{07337A05-C38C-44DE-84E7-BA77D6021D0F}.Debug|Any CPU.ActiveCfg = Debug|x86
		{07337A05-C38C-44DE-84E7-BA77D6021D0F}.Debug|Any CPU.Build.0 = Debug|x86
		{07337A05-C38C-44DE-84E7-BA77D6021D0F}.Debug|Mixed Platforms.ActiveCfg = Debug|x86
		{07337A05-C38C-44DE-84E7-BA77D6021D0F}.Debug|Mixed Platforms.Build.0 = Debug|x86
		{07337A05-C38C-44DE-84E7-BA77D6021D0F}.Debug|x86.ActiveCfg = Debug|x86
		{07337A05-C38C-44DE-84E7-BA77D6021D0F}.Debug|x86.Build.0 = Debug|x86
		{07337A05-C38C-44DE-84E7-BA77D6021D0F}.Debug|Xbox 360.ActiveCfg = Debug|x86
		{07337A05-C38C-44DE-84E7-BA77D6021D0F}.Profile|Any CPU.ActiveCfg = Release|x86
		{07337A05-C38C-44DE-84E7-BA77D6021D0F}.Profile|Mixed Platforms.ActiveCfg = Release|x86
		{07337A05-C38C-44DE-84E7-BA77D6021D0F}.Profile|Mixed Platforms.Build.0 = Release|x86
		{07337A05-C38C-44DE-84E7-BA77D6021D0F}.Profile|x86.ActiveCfg = Release|x86
		{07337A05-C38C-44DE-84E7-BA77D6021D0F}.Profile|x86.Build.0 = Release|x86
		{07337A05-C38C-44DE-84E7-BA77D6021D0F}.Profile|Xbox 360.ActiveCfg = Release|x86
		{07337A05-C38C-44DE-84E7-BA77D6021D0F}.Release|Any CPU.ActiveCfg = Release|Any CPU
		{07337A05-C38C-44DE-84E7-BA77D6021D0F}.Release|Any CPU.Build.0 = Release|Any CPU
		{07337A05-C38C-44DE-84E7-BA77D6021D0F}.Release|Mixed Platforms.ActiveCfg = Release|x86
		{07337A05-C38C-44DE-84E7-BA77D6021D0F}.Release|Mixed Platforms.Build.0 = Release|x86
		{07337A05-C38C-44DE-84E7-BA77D6021D0F}.Release|x86.ActiveCfg = Release|Any CPU
		{07337A05-C38C-44DE-84E7-BA77D6021D0F}.Release|Xbox 360.ActiveCfg = Release|x86
		{AAD5853E-3D64-472C-802F-B1899235680E}.Debug|Any CPU.ActiveCfg = Debug|x86
		{AAD5853E-3D64-472C-802F-B1899235680E}.Debug|Any CPU.Build.0 = Debug|x86
		{AAD5853E-3D64-472C-802F-B1899235680E}.Debug|Mixed Platforms.ActiveCfg = Debug|x86
		{AAD5853E-3D64-472C-802F-B1899235680E}.Debug|Mixed Platforms.Build.0 = Debug|x86
		{AAD5853E-3D64-472C-802F-B1899235680E}.Debug|x86.ActiveCfg = Debug|x86
		{AAD5853E-3D64-472C-802F-B1899235680E}.Debug|x86.Build.0 = Debug|x86
		{AAD5853E-3D64-472C-802F-B1899235680E}.Debug|Xbox 360.ActiveCfg = Debug|x86
		{AAD5853E-3D64-472C-802F-B1899235680E}.Profile|Any CPU.ActiveCfg = Release|x86
		{AAD5853E-3D64-472C-802F-B1899235680E}.Profile|Mixed Platforms.ActiveCfg = Release|x86
		{AAD5853E-3D64-472C-802F-B1899235680E}.Profile|Mixed Platforms.Build.0 = Release|x86
		{AAD5853E-3D64-472C-802F-B1899235680E}.Profile|x86.ActiveCfg = Release|x86
		{AAD5853E-3D64-472C-802F-B1899235680E}.Profile|x86.Build.0 = Release|x86
		{AAD5853E-3D64-472C-802F-B1899235680E}.Profile|Xbox 360.ActiveCfg = Release|x86
		{AAD5853E-3D64-472C-802F-B1899235680E}.Release|Any CPU.ActiveCfg = Release|Any CPU
		{AAD5853E-3D64-472C-802F-B1899235680E}.Release|Any CPU.Build.0 = Release|Any CPU
		{AAD5853E-3D64-472C-802F-B1899235680E}.Release|Mixed Platforms.ActiveCfg = Release|x86
		{AAD5853E-3D64-472C-802F-B1899235680E}.Release|Mixed Platforms.Build.0 = Release|x86
		{AAD5853E-3D64-472C-802F-B1899235680E}.Release|x86.ActiveCfg = Release|Any CPU
		{AAD5853E-3D64-472C-802F-B1899235680E}.Release|Xbox 360.ActiveCfg = Release|x86
		{C45432C4-D511-4874-8BF9-EB91AD6E8839}.Debug|Any CPU.ActiveCfg = Debug|x86
		{C45432C4-D511-4874-8BF9-EB91AD6E8839}.Debug|Any CPU.Build.0 = Debug|x86
		{C45432C4-D511-4874-8BF9-EB91AD6E8839}.Debug|Mixed Platforms.ActiveCfg = Debug|x86
		{C45432C4-D511-4874-8BF9-EB91AD6E8839}.Debug|Mixed Platforms.Build.0 = Debug|x86
		{C45432C4-D511-4874-8BF9-EB91AD6E8839}.Debug|x86.ActiveCfg = Debug|x86
		{C45432C4-D511-4874-8BF9-EB91AD6E8839}.Debug|x86.Build.0 = Debug|x86
		{C45432C4-D511-4874-8BF9-EB91AD6E8839}.Debug|Xbox 360.ActiveCfg = Debug|Any CPU
		{C45432C4-D511-4874-8BF9-EB91AD6E8839}.Profile|Any CPU.ActiveCfg = Release|Any CPU
		{C45432C4-D511-4874-8BF9-EB91AD6E8839}.Profile|Any CPU.Build.0 = Release|Any CPU
		{C45432C4-D511-4874-8BF9-EB91AD6E8839}.Profile|Mixed Platforms.ActiveCfg = Release|Any CPU
		{C45432C4-D511-4874-8BF9-EB91AD6E8839}.Profile|Mixed Platforms.Build.0 = Release|Any CPU
		{C45432C4-D511-4874-8BF9-EB91AD6E8839}.Profile|x86.ActiveCfg = Release|Any CPU
		{C45432C4-D511-4874-8BF9-EB91AD6E8839}.Profile|Xbox 360.ActiveCfg = Release|Any CPU
		{C45432C4-D511-4874-8BF9-EB91AD6E8839}.Release|Any CPU.ActiveCfg = Release|Any CPU
		{C45432C4-D511-4874-8BF9-EB91AD6E8839}.Release|Any CPU.Build.0 = Release|Any CPU
		{C45432C4-D511-4874-8BF9-EB91AD6E8839}.Release|Mixed Platforms.ActiveCfg = Release|Any CPU
		{C45432C4-D511-4874-8BF9-EB91AD6E8839}.Release|Mixed Platforms.Build.0 = Release|Any CPU
		{C45432C4-D511-4874-8BF9-EB91AD6E8839}.Release|x86.ActiveCfg = Release|Any CPU
		{C45432C4-D511-4874-8BF9-EB91AD6E8839}.Release|Xbox 360.ActiveCfg = Release|Any CPU
		{9FF7C125-C009-4DE2-9022-BACBE3AFDB30}.Debug|Any CPU.ActiveCfg = Debug|x86
		{9FF7C125-C009-4DE2-9022-BACBE3AFDB30}.Debug|Any CPU.Build.0 = Debug|x86
		{9FF7C125-C009-4DE2-9022-BACBE3AFDB30}.Debug|Mixed Platforms.ActiveCfg = Debug|x86
		{9FF7C125-C009-4DE2-9022-BACBE3AFDB30}.Debug|Mixed Platforms.Build.0 = Debug|x86
		{9FF7C125-C009-4DE2-9022-BACBE3AFDB30}.Debug|x86.ActiveCfg = Debug|x86
		{9FF7C125-C009-4DE2-9022-BACBE3AFDB30}.Debug|x86.Build.0 = Debug|x86
		{9FF7C125-C009-4DE2-9022-BACBE3AFDB30}.Debug|Xbox 360.ActiveCfg = Debug|Any CPU
		{9FF7C125-C009-4DE2-9022-BACBE3AFDB30}.Profile|Any CPU.ActiveCfg = Release|Any CPU
		{9FF7C125-C009-4DE2-9022-BACBE3AFDB30}.Profile|Any CPU.Build.0 = Release|Any CPU
		{9FF7C125-C009-4DE2-9022-BACBE3AFDB30}.Profile|Mixed Platforms.ActiveCfg = Release|Any CPU
		{9FF7C125-C009-4DE2-9022-BACBE3AFDB30}.Profile|Mixed Platforms.Build.0 = Release|Any CPU
		{9FF7C125-C009-4DE2-9022-BACBE3AFDB30}.Profile|x86.ActiveCfg = Release|Any CPU
		{9FF7C125-C009-4DE2-9022-BACBE3AFDB30}.Profile|Xbox 360.ActiveCfg = Release|Any CPU
		{9FF7C125-C009-4DE2-9022-BACBE3AFDB30}.Release|Any CPU.ActiveCfg = Release|Any CPU
		{9FF7C125-C009-4DE2-9022-BACBE3AFDB30}.Release|Any CPU.Build.0 = Release|Any CPU
		{9FF7C125-C009-4DE2-9022-BACBE3AFDB30}.Release|Mixed Platforms.ActiveCfg = Release|Any CPU
		{9FF7C125-C009-4DE2-9022-BACBE3AFDB30}.Release|Mixed Platforms.Build.0 = Release|Any CPU
		{9FF7C125-C009-4DE2-9022-BACBE3AFDB30}.Release|x86.ActiveCfg = Release|Any CPU
		{9FF7C125-C009-4DE2-9022-BACBE3AFDB30}.Release|Xbox 360.ActiveCfg = Release|Any CPU
		{5A09C6C9-0007-4F42-8EA0-3CD41968D6EE}.Debug|Any CPU.ActiveCfg = Debug|Xbox 360
		{5A09C6C9-0007-4F42-8EA0-3CD41968D6EE}.Debug|Mixed Platforms.ActiveCfg = Debug|Xbox 360
		{5A09C6C9-0007-4F42-8EA0-3CD41968D6EE}.Debug|x86.ActiveCfg = Debug|x86
		{5A09C6C9-0007-4F42-8EA0-3CD41968D6EE}.Debug|Xbox 360.ActiveCfg = Debug|Xbox 360
		{5A09C6C9-0007-4F42-8EA0-3CD41968D6EE}.Profile|Any CPU.ActiveCfg = Profile|Xbox 360
		{5A09C6C9-0007-4F42-8EA0-3CD41968D6EE}.Profile|Mixed Platforms.ActiveCfg = Profile|Xbox 360
		{5A09C6C9-0007-4F42-8EA0-3CD41968D6EE}.Profile|x86.ActiveCfg = Profile|x86
		{5A09C6C9-0007-4F42-8EA0-3CD41968D6EE}.Profile|Xbox 360.ActiveCfg = Profile|Xbox 360
		{5A09C6C9-0007-4F42-8EA0-3CD41968D6EE}.Release|Any CPU.ActiveCfg = Release|Xbox 360
		{5A09C6C9-0007-4F42-8EA0-3CD41968D6EE}.Release|Mixed Platforms.ActiveCfg = Release|Xbox 360
		{5A09C6C9-0007-4F42-8EA0-3CD41968D6EE}.Release|x86.ActiveCfg = Release|x86
		{5A09C6C9-0007-4F42-8EA0-3CD41968D6EE}.Release|Xbox 360.ActiveCfg = Release|Xbox 360
		{586E77C1-8412-4CBB-AC4A-A9E7E6982388}.Debug|Any CPU.ActiveCfg = Debug|x86
		{586E77C1-8412-4CBB-AC4A-A9E7E6982388}.Debug|Mixed Platforms.ActiveCfg = Debug|x86
		{586E77C1-8412-4CBB-AC4A-A9E7E6982388}.Debug|x86.ActiveCfg = Debug|x86
		{586E77C1-8412-4CBB-AC4A-A9E7E6982388}.Debug|Xbox 360.ActiveCfg = Debug|x86
		{586E77C1-8412-4CBB-AC4A-A9E7E6982388}.Profile|Any CPU.ActiveCfg = Release|x86
		{586E77C1-8412-4CBB-AC4A-A9E7E6982388}.Profile|Mixed Platforms.ActiveCfg = Release|x86
		{586E77C1-8412-4CBB-AC4A-A9E7E6982388}.Profile|x86.ActiveCfg = Release|x86
		{586E77C1-8412-4CBB-AC4A-A9E7E6982388}.Profile|Xbox 360.ActiveCfg = Release|x86
		{586E77C1-8412-4CBB-AC4A-A9E7E6982388}.Release|Any CPU.ActiveCfg = Release|x86
		{586E77C1-8412-4CBB-AC4A-A9E7E6982388}.Release|Mixed Platforms.ActiveCfg = Release|x86
		{586E77C1-8412-4CBB-AC4A-A9E7E6982388}.Release|x86.ActiveCfg = Release|x86
		{586E77C1-8412-4CBB-AC4A-A9E7E6982388}.Release|Xbox 360.ActiveCfg = Release|x86
		{EF4B471E-C101-4AAC-882E-BBDE9A54D212}.Debug|Any CPU.ActiveCfg = Debug|Any CPU
		{EF4B471E-C101-4AAC-882E-BBDE9A54D212}.Debug|Any CPU.Build.0 = Debug|Any CPU
		{EF4B471E-C101-4AAC-882E-BBDE9A54D212}.Debug|Mixed Platforms.ActiveCfg = Debug|Any CPU
		{EF4B471E-C101-4AAC-882E-BBDE9A54D212}.Debug|Mixed Platforms.Build.0 = Debug|Any CPU
		{EF4B471E-C101-4AAC-882E-BBDE9A54D212}.Debug|x86.ActiveCfg = Debug|Any CPU
		{EF4B471E-C101-4AAC-882E-BBDE9A54D212}.Debug|Xbox 360.ActiveCfg = Debug|Any CPU
		{EF4B471E-C101-4AAC-882E-BBDE9A54D212}.Profile|Any CPU.ActiveCfg = Release|Any CPU
		{EF4B471E-C101-4AAC-882E-BBDE9A54D212}.Profile|Any CPU.Build.0 = Release|Any CPU
		{EF4B471E-C101-4AAC-882E-BBDE9A54D212}.Profile|Mixed Platforms.ActiveCfg = Release|Any CPU
		{EF4B471E-C101-4AAC-882E-BBDE9A54D212}.Profile|Mixed Platforms.Build.0 = Release|Any CPU
		{EF4B471E-C101-4AAC-882E-BBDE9A54D212}.Profile|x86.ActiveCfg = Release|Any CPU
		{EF4B471E-C101-4AAC-882E-BBDE9A54D212}.Profile|Xbox 360.ActiveCfg = Release|Any CPU
		{EF4B471E-C101-4AAC-882E-BBDE9A54D212}.Release|Any CPU.ActiveCfg = Release|Any CPU
		{EF4B471E-C101-4AAC-882E-BBDE9A54D212}.Release|Any CPU.Build.0 = Release|Any CPU
		{EF4B471E-C101-4AAC-882E-BBDE9A54D212}.Release|Mixed Platforms.ActiveCfg = Release|Any CPU
		{EF4B471E-C101-4AAC-882E-BBDE9A54D212}.Release|Mixed Platforms.Build.0 = Release|Any CPU
		{EF4B471E-C101-4AAC-882E-BBDE9A54D212}.Release|x86.ActiveCfg = Release|Any CPU
		{EF4B471E-C101-4AAC-882E-BBDE9A54D212}.Release|Xbox 360.ActiveCfg = Release|Any CPU
		{43D09443-29F5-4688-81D7-5B5835EAC550}.Debug|Any CPU.ActiveCfg = Debug|Any CPU
		{43D09443-29F5-4688-81D7-5B5835EAC550}.Debug|Any CPU.Build.0 = Debug|Any CPU
		{43D09443-29F5-4688-81D7-5B5835EAC550}.Debug|Mixed Platforms.ActiveCfg = Debug|Any CPU
		{43D09443-29F5-4688-81D7-5B5835EAC550}.Debug|Mixed Platforms.Build.0 = Debug|Any CPU
		{43D09443-29F5-4688-81D7-5B5835EAC550}.Debug|x86.ActiveCfg = Debug|Any CPU
		{43D09443-29F5-4688-81D7-5B5835EAC550}.Debug|Xbox 360.ActiveCfg = Debug|Any CPU
		{43D09443-29F5-4688-81D7-5B5835EAC550}.Profile|Any CPU.ActiveCfg = Release|Any CPU
		{43D09443-29F5-4688-81D7-5B5835EAC550}.Profile|Any CPU.Build.0 = Release|Any CPU
		{43D09443-29F5-4688-81D7-5B5835EAC550}.Profile|Mixed Platforms.ActiveCfg = Release|Any CPU
		{43D09443-29F5-4688-81D7-5B5835EAC550}.Profile|Mixed Platforms.Build.0 = Release|Any CPU
		{43D09443-29F5-4688-81D7-5B5835EAC550}.Profile|x86.ActiveCfg = Release|Any CPU
		{43D09443-29F5-4688-81D7-5B5835EAC550}.Profile|Xbox 360.ActiveCfg = Release|Any CPU
		{43D09443-29F5-4688-81D7-5B5835EAC550}.Release|Any CPU.ActiveCfg = Release|Any CPU
		{43D09443-29F5-4688-81D7-5B5835EAC550}.Release|Any CPU.Build.0 = Release|Any CPU
		{43D09443-29F5-4688-81D7-5B5835EAC550}.Release|Mixed Platforms.ActiveCfg = Release|Any CPU
		{43D09443-29F5-4688-81D7-5B5835EAC550}.Release|Mixed Platforms.Build.0 = Release|Any CPU
		{43D09443-29F5-4688-81D7-5B5835EAC550}.Release|x86.ActiveCfg = Release|Any CPU
		{43D09443-29F5-4688-81D7-5B5835EAC550}.Release|Xbox 360.ActiveCfg = Release|Any CPU
	EndGlobalSection
	GlobalSection(SolutionProperties) = preSolution
		HideSolutionNode = FALSE
	EndGlobalSection
EndGlobal
