
Microsoft Visual Studio Solution File, Format Version 11.00
# Visual Studio 2010
Project("{FAE04EC0-301F-11D3-BF4B-00C04F79EFBC}") = "GoreUpdater.Client", "GoreUpdater.Client\GoreUpdater.Client.csproj", "{4181B979-6EA5-4A0B-9215-0717A7617BD1}"
EndProject
Project("{FAE04EC0-301F-11D3-BF4B-00C04F79EFBC}") = "GoreUpdater", "GoreUpdater\GoreUpdater.csproj", "{9AED7C14-A737-4D19-A64B-69B401691862}"
EndProject
Project("{FAE04EC0-301F-11D3-BF4B-00C04F79EFBC}") = "GoreUpdater.Tests", "GoreUpdater.Tests\GoreUpdater.Tests.csproj", "{36C4A09F-BF39-4B0D-9BC4-A1820158691D}"
EndProject
Project("{FAE04EC0-301F-11D3-BF4B-00C04F79EFBC}") = "GoreUpdater.Manager", "GoreUpdater.Manager\GoreUpdater.Manager.csproj", "{58614964-AAD5-42AF-A3E2-81B082F33484}"
EndProject
Project("{2150E333-8FDC-42A3-9474-1A3956D46DE8}") = "Externals", "Externals", "{9741ED76-8A92-40A2-99E2-37553D36466B}"
EndProject
Project("{FAE04EC0-301F-11D3-BF4B-00C04F79EFBC}") = "log4net", "..\..\Externals\log4net\log4net.csproj", "{E3AF9E3A-94F4-41A2-9AEF-01600ECDFC7F}"
EndProject
Global
	GlobalSection(SolutionConfigurationPlatforms) = preSolution
		Debug|Any CPU = Debug|Any CPU
		Debug|Mixed Platforms = Debug|Mixed Platforms
		Debug|x86 = Debug|x86
		Release|Any CPU = Release|Any CPU
		Release|Mixed Platforms = Release|Mixed Platforms
		Release|x86 = Release|x86
	EndGlobalSection
	GlobalSection(ProjectConfigurationPlatforms) = postSolution
		{4181B979-6EA5-4A0B-9215-0717A7617BD1}.Debug|Any CPU.ActiveCfg = Debug|x86
		{4181B979-6EA5-4A0B-9215-0717A7617BD1}.Debug|Mixed Platforms.ActiveCfg = Debug|x86
		{4181B979-6EA5-4A0B-9215-0717A7617BD1}.Debug|Mixed Platforms.Build.0 = Debug|x86
		{4181B979-6EA5-4A0B-9215-0717A7617BD1}.Debug|x86.ActiveCfg = Debug|x86
		{4181B979-6EA5-4A0B-9215-0717A7617BD1}.Debug|x86.Build.0 = Debug|x86
		{4181B979-6EA5-4A0B-9215-0717A7617BD1}.Release|Any CPU.ActiveCfg = Release|x86
		{4181B979-6EA5-4A0B-9215-0717A7617BD1}.Release|Mixed Platforms.ActiveCfg = Release|x86
		{4181B979-6EA5-4A0B-9215-0717A7617BD1}.Release|Mixed Platforms.Build.0 = Release|x86
		{4181B979-6EA5-4A0B-9215-0717A7617BD1}.Release|x86.ActiveCfg = Release|x86
		{4181B979-6EA5-4A0B-9215-0717A7617BD1}.Release|x86.Build.0 = Release|x86
		{9AED7C14-A737-4D19-A64B-69B401691862}.Debug|Any CPU.ActiveCfg = Debug|Any CPU
		{9AED7C14-A737-4D19-A64B-69B401691862}.Debug|Any CPU.Build.0 = Debug|Any CPU
		{9AED7C14-A737-4D19-A64B-69B401691862}.Debug|Mixed Platforms.ActiveCfg = Debug|Any CPU
		{9AED7C14-A737-4D19-A64B-69B401691862}.Debug|Mixed Platforms.Build.0 = Debug|Any CPU
		{9AED7C14-A737-4D19-A64B-69B401691862}.Debug|x86.ActiveCfg = Debug|Any CPU
		{9AED7C14-A737-4D19-A64B-69B401691862}.Release|Any CPU.ActiveCfg = Release|Any CPU
		{9AED7C14-A737-4D19-A64B-69B401691862}.Release|Any CPU.Build.0 = Release|Any CPU
		{9AED7C14-A737-4D19-A64B-69B401691862}.Release|Mixed Platforms.ActiveCfg = Release|Any CPU
		{9AED7C14-A737-4D19-A64B-69B401691862}.Release|Mixed Platforms.Build.0 = Release|Any CPU
		{9AED7C14-A737-4D19-A64B-69B401691862}.Release|x86.ActiveCfg = Release|Any CPU
		{36C4A09F-BF39-4B0D-9BC4-A1820158691D}.Debug|Any CPU.ActiveCfg = Debug|Any CPU
		{36C4A09F-BF39-4B0D-9BC4-A1820158691D}.Debug|Any CPU.Build.0 = Debug|Any CPU
		{36C4A09F-BF39-4B0D-9BC4-A1820158691D}.Debug|Mixed Platforms.ActiveCfg = Debug|Any CPU
		{36C4A09F-BF39-4B0D-9BC4-A1820158691D}.Debug|Mixed Platforms.Build.0 = Debug|Any CPU
		{36C4A09F-BF39-4B0D-9BC4-A1820158691D}.Debug|x86.ActiveCfg = Debug|Any CPU
		{36C4A09F-BF39-4B0D-9BC4-A1820158691D}.Release|Any CPU.ActiveCfg = Release|Any CPU
		{36C4A09F-BF39-4B0D-9BC4-A1820158691D}.Release|Any CPU.Build.0 = Release|Any CPU
		{36C4A09F-BF39-4B0D-9BC4-A1820158691D}.Release|Mixed Platforms.ActiveCfg = Release|Any CPU
		{36C4A09F-BF39-4B0D-9BC4-A1820158691D}.Release|Mixed Platforms.Build.0 = Release|Any CPU
		{36C4A09F-BF39-4B0D-9BC4-A1820158691D}.Release|x86.ActiveCfg = Release|Any CPU
		{58614964-AAD5-42AF-A3E2-81B082F33484}.Debug|Any CPU.ActiveCfg = Debug|x86
		{58614964-AAD5-42AF-A3E2-81B082F33484}.Debug|Mixed Platforms.ActiveCfg = Debug|x86
		{58614964-AAD5-42AF-A3E2-81B082F33484}.Debug|Mixed Platforms.Build.0 = Debug|x86
		{58614964-AAD5-42AF-A3E2-81B082F33484}.Debug|x86.ActiveCfg = Debug|x86
		{58614964-AAD5-42AF-A3E2-81B082F33484}.Debug|x86.Build.0 = Debug|x86
		{58614964-AAD5-42AF-A3E2-81B082F33484}.Release|Any CPU.ActiveCfg = Release|x86
		{58614964-AAD5-42AF-A3E2-81B082F33484}.Release|Mixed Platforms.ActiveCfg = Release|x86
		{58614964-AAD5-42AF-A3E2-81B082F33484}.Release|Mixed Platforms.Build.0 = Release|x86
		{58614964-AAD5-42AF-A3E2-81B082F33484}.Release|x86.ActiveCfg = Release|x86
		{58614964-AAD5-42AF-A3E2-81B082F33484}.Release|x86.Build.0 = Release|x86
		{E3AF9E3A-94F4-41A2-9AEF-01600ECDFC7F}.Debug|Any CPU.ActiveCfg = Debug|x86
		{E3AF9E3A-94F4-41A2-9AEF-01600ECDFC7F}.Debug|Mixed Platforms.ActiveCfg = Debug|x86
		{E3AF9E3A-94F4-41A2-9AEF-01600ECDFC7F}.Debug|Mixed Platforms.Build.0 = Debug|x86
		{E3AF9E3A-94F4-41A2-9AEF-01600ECDFC7F}.Debug|x86.ActiveCfg = Debug|x86
		{E3AF9E3A-94F4-41A2-9AEF-01600ECDFC7F}.Debug|x86.Build.0 = Debug|x86
		{E3AF9E3A-94F4-41A2-9AEF-01600ECDFC7F}.Release|Any CPU.ActiveCfg = Release|x86
		{E3AF9E3A-94F4-41A2-9AEF-01600ECDFC7F}.Release|Mixed Platforms.ActiveCfg = Release|x86
		{E3AF9E3A-94F4-41A2-9AEF-01600ECDFC7F}.Release|Mixed Platforms.Build.0 = Release|x86
		{E3AF9E3A-94F4-41A2-9AEF-01600ECDFC7F}.Release|x86.ActiveCfg = Release|x86
		{E3AF9E3A-94F4-41A2-9AEF-01600ECDFC7F}.Release|x86.Build.0 = Release|x86
	EndGlobalSection
	GlobalSection(SolutionProperties) = preSolution
		HideSolutionNode = FALSE
	EndGlobalSection
	GlobalSection(NestedProjects) = preSolution
		{E3AF9E3A-94F4-41A2-9AEF-01600ECDFC7F} = {9741ED76-8A92-40A2-99E2-37553D36466B}
	EndGlobalSection
EndGlobal
