
Microsoft Visual Studio Solution File, Format Version 11.00
# Visual Studio 2010
Project("{FAE04EC0-301F-11D3-BF4B-00C04F79EFBC}") = "InstallationValidator", "InstallationValidator.csproj", "{F3B486E3-E405-47C8-8AB0-E5F3FDEA7BAF}"
EndProject
Project("{FAE04EC0-301F-11D3-BF4B-00C04F79EFBC}") = "NetGore", "..\..\NetGore\NetGore.csproj", "{5C385F68-DAEB-4BF2-9472-D5D69B6B2373}"
EndProject
Project("{FAE04EC0-301F-11D3-BF4B-00C04F79EFBC}") = "NetGore.Db", "..\..\NetGore.Db\NetGore.Db.csproj", "{EF4B471E-C101-4AAC-882E-BBDE9A54D212}"
EndProject
Project("{FAE04EC0-301F-11D3-BF4B-00C04F79EFBC}") = "log4net", "..\..\log4net\log4net.csproj", "{F6A02431-167E-4347-BC43-65532C31CDB7}"
EndProject
Global
	GlobalSection(SolutionConfigurationPlatforms) = preSolution
		Debug|x86 = Debug|x86
		DebugTopDown|x86 = DebugTopDown|x86
		Mono|x86 = Mono|x86
		MonoTopDown|x86 = MonoTopDown|x86
		Release|x86 = Release|x86
		ReleaseTopDown|x86 = ReleaseTopDown|x86
	EndGlobalSection
	GlobalSection(ProjectConfigurationPlatforms) = postSolution
		{F3B486E3-E405-47C8-8AB0-E5F3FDEA7BAF}.Debug|x86.ActiveCfg = Debug|x86
		{F3B486E3-E405-47C8-8AB0-E5F3FDEA7BAF}.Debug|x86.Build.0 = Debug|x86
		{F3B486E3-E405-47C8-8AB0-E5F3FDEA7BAF}.DebugTopDown|x86.ActiveCfg = Debug|x86
		{F3B486E3-E405-47C8-8AB0-E5F3FDEA7BAF}.DebugTopDown|x86.Build.0 = Debug|x86
		{F3B486E3-E405-47C8-8AB0-E5F3FDEA7BAF}.Mono|x86.ActiveCfg = Release|x86
		{F3B486E3-E405-47C8-8AB0-E5F3FDEA7BAF}.Mono|x86.Build.0 = Release|x86
		{F3B486E3-E405-47C8-8AB0-E5F3FDEA7BAF}.MonoTopDown|x86.ActiveCfg = Release|x86
		{F3B486E3-E405-47C8-8AB0-E5F3FDEA7BAF}.MonoTopDown|x86.Build.0 = Release|x86
		{F3B486E3-E405-47C8-8AB0-E5F3FDEA7BAF}.Release|x86.ActiveCfg = Release|x86
		{F3B486E3-E405-47C8-8AB0-E5F3FDEA7BAF}.Release|x86.Build.0 = Release|x86
		{F3B486E3-E405-47C8-8AB0-E5F3FDEA7BAF}.ReleaseTopDown|x86.ActiveCfg = Release|x86
		{F3B486E3-E405-47C8-8AB0-E5F3FDEA7BAF}.ReleaseTopDown|x86.Build.0 = Release|x86
		{5C385F68-DAEB-4BF2-9472-D5D69B6B2373}.Debug|x86.ActiveCfg = Debug|x86
		{5C385F68-DAEB-4BF2-9472-D5D69B6B2373}.Debug|x86.Build.0 = Debug|x86
		{5C385F68-DAEB-4BF2-9472-D5D69B6B2373}.DebugTopDown|x86.ActiveCfg = DebugTopDown|x86
		{5C385F68-DAEB-4BF2-9472-D5D69B6B2373}.DebugTopDown|x86.Build.0 = DebugTopDown|x86
		{5C385F68-DAEB-4BF2-9472-D5D69B6B2373}.Mono|x86.ActiveCfg = Mono|x86
		{5C385F68-DAEB-4BF2-9472-D5D69B6B2373}.Mono|x86.Build.0 = Mono|x86
		{5C385F68-DAEB-4BF2-9472-D5D69B6B2373}.MonoTopDown|x86.ActiveCfg = MonoTopDown|x86
		{5C385F68-DAEB-4BF2-9472-D5D69B6B2373}.MonoTopDown|x86.Build.0 = MonoTopDown|x86
		{5C385F68-DAEB-4BF2-9472-D5D69B6B2373}.Release|x86.ActiveCfg = Release|x86
		{5C385F68-DAEB-4BF2-9472-D5D69B6B2373}.Release|x86.Build.0 = Release|x86
		{5C385F68-DAEB-4BF2-9472-D5D69B6B2373}.ReleaseTopDown|x86.ActiveCfg = ReleaseTopDown|x86
		{5C385F68-DAEB-4BF2-9472-D5D69B6B2373}.ReleaseTopDown|x86.Build.0 = ReleaseTopDown|x86
		{EF4B471E-C101-4AAC-882E-BBDE9A54D212}.Debug|x86.ActiveCfg = Debug|x86
		{EF4B471E-C101-4AAC-882E-BBDE9A54D212}.Debug|x86.Build.0 = Debug|x86
		{EF4B471E-C101-4AAC-882E-BBDE9A54D212}.DebugTopDown|x86.ActiveCfg = DebugTopDown|x86
		{EF4B471E-C101-4AAC-882E-BBDE9A54D212}.DebugTopDown|x86.Build.0 = DebugTopDown|x86
		{EF4B471E-C101-4AAC-882E-BBDE9A54D212}.Mono|x86.ActiveCfg = Mono|x86
		{EF4B471E-C101-4AAC-882E-BBDE9A54D212}.Mono|x86.Build.0 = Mono|x86
		{EF4B471E-C101-4AAC-882E-BBDE9A54D212}.MonoTopDown|x86.ActiveCfg = MonoTopDown|x86
		{EF4B471E-C101-4AAC-882E-BBDE9A54D212}.MonoTopDown|x86.Build.0 = MonoTopDown|x86
		{EF4B471E-C101-4AAC-882E-BBDE9A54D212}.Release|x86.ActiveCfg = Release|x86
		{EF4B471E-C101-4AAC-882E-BBDE9A54D212}.Release|x86.Build.0 = Release|x86
		{EF4B471E-C101-4AAC-882E-BBDE9A54D212}.ReleaseTopDown|x86.ActiveCfg = ReleaseTopDown|x86
		{EF4B471E-C101-4AAC-882E-BBDE9A54D212}.ReleaseTopDown|x86.Build.0 = ReleaseTopDown|x86
		{F6A02431-167E-4347-BC43-65532C31CDB7}.Debug|x86.ActiveCfg = Debug|x86
		{F6A02431-167E-4347-BC43-65532C31CDB7}.Debug|x86.Build.0 = Debug|x86
		{F6A02431-167E-4347-BC43-65532C31CDB7}.DebugTopDown|x86.ActiveCfg = Debug|x86
		{F6A02431-167E-4347-BC43-65532C31CDB7}.DebugTopDown|x86.Build.0 = Debug|x86
		{F6A02431-167E-4347-BC43-65532C31CDB7}.Mono|x86.ActiveCfg = Release|x86
		{F6A02431-167E-4347-BC43-65532C31CDB7}.Mono|x86.Build.0 = Release|x86
		{F6A02431-167E-4347-BC43-65532C31CDB7}.MonoTopDown|x86.ActiveCfg = Release|x86
		{F6A02431-167E-4347-BC43-65532C31CDB7}.MonoTopDown|x86.Build.0 = Release|x86
		{F6A02431-167E-4347-BC43-65532C31CDB7}.Release|x86.ActiveCfg = Release|x86
		{F6A02431-167E-4347-BC43-65532C31CDB7}.Release|x86.Build.0 = Release|x86
		{F6A02431-167E-4347-BC43-65532C31CDB7}.ReleaseTopDown|x86.ActiveCfg = Release|x86
		{F6A02431-167E-4347-BC43-65532C31CDB7}.ReleaseTopDown|x86.Build.0 = Release|x86
	EndGlobalSection
	GlobalSection(SolutionProperties) = preSolution
		HideSolutionNode = FALSE
	EndGlobalSection
EndGlobal
