
Microsoft Visual Studio Solution File, Format Version 11.00
# Visual Studio 2010
Project("{FAE04EC0-301F-11D3-BF4B-00C04F79EFBC}") = "CodeReleasePreparer", "CodeReleasePreparer.csproj", "{A836D5C5-2957-49F9-A091-6E371355FD3A}"
EndProject
Project("{FAE04EC0-301F-11D3-BF4B-00C04F79EFBC}") = "InstallationValidator", "..\InstallationValidator\InstallationValidator.csproj", "{F3B486E3-E405-47C8-8AB0-E5F3FDEA7BAF}"
EndProject
Global
	GlobalSection(SolutionConfigurationPlatforms) = preSolution
		Debug|x86 = Debug|x86
		DebugTopDown|x86 = DebugTopDown|x86
		Mono|x86 = Mono|x86
		MonoTopDown|x86 = MonoTopDown|x86
		Release|x86 = Release|x86
		ReleaseTopDown|x86 = ReleaseTopDown|x86
	EndGlobalSection
	GlobalSection(ProjectConfigurationPlatforms) = postSolution
		{A836D5C5-2957-49F9-A091-6E371355FD3A}.Debug|x86.ActiveCfg = Debug|x86
		{A836D5C5-2957-49F9-A091-6E371355FD3A}.Debug|x86.Build.0 = Debug|x86
		{A836D5C5-2957-49F9-A091-6E371355FD3A}.DebugTopDown|x86.ActiveCfg = Debug|x86
		{A836D5C5-2957-49F9-A091-6E371355FD3A}.DebugTopDown|x86.Build.0 = Debug|x86
		{A836D5C5-2957-49F9-A091-6E371355FD3A}.Mono|x86.ActiveCfg = Release|x86
		{A836D5C5-2957-49F9-A091-6E371355FD3A}.Mono|x86.Build.0 = Release|x86
		{A836D5C5-2957-49F9-A091-6E371355FD3A}.MonoTopDown|x86.ActiveCfg = Release|x86
		{A836D5C5-2957-49F9-A091-6E371355FD3A}.MonoTopDown|x86.Build.0 = Release|x86
		{A836D5C5-2957-49F9-A091-6E371355FD3A}.Release|x86.ActiveCfg = Release|x86
		{A836D5C5-2957-49F9-A091-6E371355FD3A}.Release|x86.Build.0 = Release|x86
		{A836D5C5-2957-49F9-A091-6E371355FD3A}.ReleaseTopDown|x86.ActiveCfg = Release|x86
		{A836D5C5-2957-49F9-A091-6E371355FD3A}.ReleaseTopDown|x86.Build.0 = Release|x86
		{F3B486E3-E405-47C8-8AB0-E5F3FDEA7BAF}.Debug|x86.ActiveCfg = Debug|x86
		{F3B486E3-E405-47C8-8AB0-E5F3FDEA7BAF}.Debug|x86.Build.0 = Debug|x86
		{F3B486E3-E405-47C8-8AB0-E5F3FDEA7BAF}.DebugTopDown|x86.ActiveCfg = Debug|x86
		{F3B486E3-E405-47C8-8AB0-E5F3FDEA7BAF}.DebugTopDown|x86.Build.0 = Debug|x86
		{F3B486E3-E405-47C8-8AB0-E5F3FDEA7BAF}.Mono|x86.ActiveCfg = Release|x86
		{F3B486E3-E405-47C8-8AB0-E5F3FDEA7BAF}.Mono|x86.Build.0 = Release|x86
		{F3B486E3-E405-47C8-8AB0-E5F3FDEA7BAF}.MonoTopDown|x86.ActiveCfg = Release|x86
		{F3B486E3-E405-47C8-8AB0-E5F3FDEA7BAF}.MonoTopDown|x86.Build.0 = Release|x86
		{F3B486E3-E405-47C8-8AB0-E5F3FDEA7BAF}.Release|x86.ActiveCfg = Release|x86
		{F3B486E3-E405-47C8-8AB0-E5F3FDEA7BAF}.Release|x86.Build.0 = Release|x86
		{F3B486E3-E405-47C8-8AB0-E5F3FDEA7BAF}.ReleaseTopDown|x86.ActiveCfg = Release|x86
		{F3B486E3-E405-47C8-8AB0-E5F3FDEA7BAF}.ReleaseTopDown|x86.Build.0 = Release|x86
	EndGlobalSection
	GlobalSection(SolutionProperties) = preSolution
		HideSolutionNode = FALSE
	EndGlobalSection
EndGlobal
